
Microsoft Visual Studio Solution File, Format Version 12.00
# Visual Studio Version 17
VisualStudioVersion = 17.0.31903.59
MinimumVisualStudioVersion = 10.0.40219.1
Project("{FAE04EC0-301F-11D3-BF4B-00C04F79EFBC}") = "Clothy.AppHost", "Clothy.AppHost\Clothy.AppHost.csproj", "{F86F401E-046A-4432-970D-357F4DF2352C}"
EndProject
Project("{FAE04EC0-301F-11D3-BF4B-00C04F79EFBC}") = "Clothy.ServiceDefaults", "Clothy.ServiceDefaults\Clothy.ServiceDefaults.csproj", "{63674236-D30C-41B9-9985-617A8562999E}"
EndProject
Project("{2150E333-8FDC-42A3-9474-1A3956D46DE8}") = "Clothy.Services", "Clothy.Services", "{C77944B0-0D3A-86CF-E301-0389399A2286}"
EndProject
Project("{2150E333-8FDC-42A3-9474-1A3956D46DE8}") = "Clothy.CatalogService", "Clothy.CatalogService", "{7D196F83-2661-2026-0376-8955439ACC1F}"
EndProject
Project("{FAE04EC0-301F-11D3-BF4B-00C04F79EFBC}") = "Clothy.CatalogService.API", "Clothy.Services\Clothy.CatalogService\Clothy.CatalogService.API\Clothy.CatalogService.API.csproj", "{32627D81-CF67-44B9-B659-342EA79966A8}"
EndProject
Project("{2150E333-8FDC-42A3-9474-1A3956D46DE8}") = "Clothy.OrderService", "Clothy.OrderService", "{5C3EB1F2-72C7-87C2-61E6-FC27803A142B}"
EndProject
Project("{FAE04EC0-301F-11D3-BF4B-00C04F79EFBC}") = "Clothy.OrderService.API", "Clothy.Services\Clothy.OrderService\Clothy.OrderService.API\Clothy.OrderService.API.csproj", "{7454DAD6-57D7-4B89-AF9F-7365EE3A28FC}"
EndProject
Project("{2150E333-8FDC-42A3-9474-1A3956D46DE8}") = "Clothy.ReviewService", "Clothy.ReviewService", "{AB0F27BE-5EAB-D20B-F38F-08760D071155}"
EndProject
Project("{FAE04EC0-301F-11D3-BF4B-00C04F79EFBC}") = "Clothy.ReviewService.API", "Clothy.Services\Clothy.ReviewService\Clothy.ReviewService.API\Clothy.ReviewService.API.csproj", "{566AFF6A-3348-495E-AE06-87934A643C54}"
EndProject
Project("{FAE04EC0-301F-11D3-BF4B-00C04F79EFBC}") = "Clothy.CatalogService.BLL", "Clothy.Services\Clothy.CatalogService\Clothy.CatalogService.BLL\Clothy.CatalogService.BLL.csproj", "{B6C1FC06-F651-4B35-8B2E-1F20889ADB99}"
EndProject
Project("{FAE04EC0-301F-11D3-BF4B-00C04F79EFBC}") = "Clothy.CatalogService.DAL", "Clothy.Services\Clothy.CatalogService\Clothy.CatalogService.DAL\Clothy.CatalogService.DAL.csproj", "{97B30EC7-FE9B-4A95-ACA0-6CE44FB020EE}"
EndProject
Project("{FAE04EC0-301F-11D3-BF4B-00C04F79EFBC}") = "Clothy.CatalogService.Domain", "Clothy.Services\Clothy.CatalogService\Clothy.CatalogService.Domain\Clothy.CatalogService.Domain.csproj", "{FB7457A9-68C4-4837-B207-C9F80A8CA97B}"
EndProject
Project("{FAE04EC0-301F-11D3-BF4B-00C04F79EFBC}") = "Clothy.CatalogService.SeedData", "Clothy.Services\Clothy.CatalogService\Clothy.CatalogService.SeedData\Clothy.CatalogService.SeedData.csproj", "{AD75B11A-7533-40B2-86DB-DEDD491655B5}"
EndProject
Project("{FAE04EC0-301F-11D3-BF4B-00C04F79EFBC}") = "Clothy.OrderService.BLL", "Clothy.Services\Clothy.OrderService\Clothy.OrderService.BLL\Clothy.OrderService.BLL.csproj", "{47B743BA-406F-4253-9B77-75842E1ABC32}"
EndProject
Project("{FAE04EC0-301F-11D3-BF4B-00C04F79EFBC}") = "Clothy.OrderService.DAL", "Clothy.Services\Clothy.OrderService\Clothy.OrderService.DAL\Clothy.OrderService.DAL.csproj", "{77399A4C-18D3-4D0D-AC2B-30BAB7FCCE47}"
EndProject
Project("{FAE04EC0-301F-11D3-BF4B-00C04F79EFBC}") = "Clothy.OrderService.Domain", "Clothy.Services\Clothy.OrderService\Clothy.OrderService.Domain\Clothy.OrderService.Domain.csproj", "{8C910B2B-2F75-4973-8F6D-39A00E62E342}"
EndProject
Project("{FAE04EC0-301F-11D3-BF4B-00C04F79EFBC}") = "Clothy.ReviewService.Application", "Clothy.Services\Clothy.ReviewService\Clothy.ReviewService.Application\Clothy.ReviewService.Application.csproj", "{E2CE7D75-D47B-4F73-859C-FA096FB24874}"
EndProject
Project("{FAE04EC0-301F-11D3-BF4B-00C04F79EFBC}") = "Clothy.ReviewService.Domain", "Clothy.Services\Clothy.ReviewService\Clothy.ReviewService.Domain\Clothy.ReviewService.Domain.csproj", "{20B03FD1-521F-4893-B5E7-9C8E44DDDF73}"
EndProject
Project("{FAE04EC0-301F-11D3-BF4B-00C04F79EFBC}") = "Clothy.ReviewService.Infrastructure", "Clothy.Services\Clothy.ReviewService\Clothy.ReviewService.Infrastructure\Clothy.ReviewService.Infrastructure.csproj", "{FBB9A5CB-60A3-4C01-8400-A7D4A5FDF1DB}"
EndProject
Project("{FAE04EC0-301F-11D3-BF4B-00C04F79EFBC}") = "Clothy.Gateway", "Clothy.Gateway\Clothy.Gateway.csproj", "{0F1C189A-17C0-498C-B67A-C3777FB13684}"
EndProject
Project("{FAE04EC0-301F-11D3-BF4B-00C04F79EFBC}") = "Clothy.Aggregator", "Clothy.Aggregator\Clothy.Aggregator.csproj", "{1911ED85-8F64-4E9B-9FF9-A2817D0F8B3E}"
EndProject
Project("{FAE04EC0-301F-11D3-BF4B-00C04F79EFBC}") = "Clothy.OrderService.SeedData", "Clothy.Services\Clothy.OrderService\Clothy.OrderService.SeedData\Clothy.OrderService.SeedData.csproj", "{38682539-568A-3719-8909-5B3324805543}"
EndProject
Global
	GlobalSection(SolutionConfigurationPlatforms) = preSolution
		Debug|Any CPU = Debug|Any CPU
		Debug|x64 = Debug|x64
		Debug|x86 = Debug|x86
		Release|Any CPU = Release|Any CPU
		Release|x64 = Release|x64
		Release|x86 = Release|x86
	EndGlobalSection
	GlobalSection(ProjectConfigurationPlatforms) = postSolution
		{F86F401E-046A-4432-970D-357F4DF2352C}.Debug|Any CPU.ActiveCfg = Debug|Any CPU
		{F86F401E-046A-4432-970D-357F4DF2352C}.Debug|Any CPU.Build.0 = Debug|Any CPU
		{F86F401E-046A-4432-970D-357F4DF2352C}.Debug|x64.ActiveCfg = Debug|Any CPU
		{F86F401E-046A-4432-970D-357F4DF2352C}.Debug|x64.Build.0 = Debug|Any CPU
		{F86F401E-046A-4432-970D-357F4DF2352C}.Debug|x86.ActiveCfg = Debug|Any CPU
		{F86F401E-046A-4432-970D-357F4DF2352C}.Debug|x86.Build.0 = Debug|Any CPU
		{F86F401E-046A-4432-970D-357F4DF2352C}.Release|Any CPU.ActiveCfg = Release|Any CPU
		{F86F401E-046A-4432-970D-357F4DF2352C}.Release|Any CPU.Build.0 = Release|Any CPU
		{F86F401E-046A-4432-970D-357F4DF2352C}.Release|x64.ActiveCfg = Release|Any CPU
		{F86F401E-046A-4432-970D-357F4DF2352C}.Release|x64.Build.0 = Release|Any CPU
		{F86F401E-046A-4432-970D-357F4DF2352C}.Release|x86.ActiveCfg = Release|Any CPU
		{F86F401E-046A-4432-970D-357F4DF2352C}.Release|x86.Build.0 = Release|Any CPU
		{63674236-D30C-41B9-9985-617A8562999E}.Debug|Any CPU.ActiveCfg = Debug|Any CPU
		{63674236-D30C-41B9-9985-617A8562999E}.Debug|Any CPU.Build.0 = Debug|Any CPU
		{63674236-D30C-41B9-9985-617A8562999E}.Debug|x64.ActiveCfg = Debug|Any CPU
		{63674236-D30C-41B9-9985-617A8562999E}.Debug|x64.Build.0 = Debug|Any CPU
		{63674236-D30C-41B9-9985-617A8562999E}.Debug|x86.ActiveCfg = Debug|Any CPU
		{63674236-D30C-41B9-9985-617A8562999E}.Debug|x86.Build.0 = Debug|Any CPU
		{63674236-D30C-41B9-9985-617A8562999E}.Release|Any CPU.ActiveCfg = Release|Any CPU
		{63674236-D30C-41B9-9985-617A8562999E}.Release|Any CPU.Build.0 = Release|Any CPU
		{63674236-D30C-41B9-9985-617A8562999E}.Release|x64.ActiveCfg = Release|Any CPU
		{63674236-D30C-41B9-9985-617A8562999E}.Release|x64.Build.0 = Release|Any CPU
		{63674236-D30C-41B9-9985-617A8562999E}.Release|x86.ActiveCfg = Release|Any CPU
		{63674236-D30C-41B9-9985-617A8562999E}.Release|x86.Build.0 = Release|Any CPU
		{32627D81-CF67-44B9-B659-342EA79966A8}.Debug|Any CPU.ActiveCfg = Debug|Any CPU
		{32627D81-CF67-44B9-B659-342EA79966A8}.Debug|Any CPU.Build.0 = Debug|Any CPU
		{32627D81-CF67-44B9-B659-342EA79966A8}.Debug|x64.ActiveCfg = Debug|Any CPU
		{32627D81-CF67-44B9-B659-342EA79966A8}.Debug|x64.Build.0 = Debug|Any CPU
		{32627D81-CF67-44B9-B659-342EA79966A8}.Debug|x86.ActiveCfg = Debug|Any CPU
		{32627D81-CF67-44B9-B659-342EA79966A8}.Debug|x86.Build.0 = Debug|Any CPU
		{32627D81-CF67-44B9-B659-342EA79966A8}.Release|Any CPU.ActiveCfg = Release|Any CPU
		{32627D81-CF67-44B9-B659-342EA79966A8}.Release|Any CPU.Build.0 = Release|Any CPU
		{32627D81-CF67-44B9-B659-342EA79966A8}.Release|x64.ActiveCfg = Release|Any CPU
		{32627D81-CF67-44B9-B659-342EA79966A8}.Release|x64.Build.0 = Release|Any CPU
		{32627D81-CF67-44B9-B659-342EA79966A8}.Release|x86.ActiveCfg = Release|Any CPU
		{32627D81-CF67-44B9-B659-342EA79966A8}.Release|x86.Build.0 = Release|Any CPU
		{7454DAD6-57D7-4B89-AF9F-7365EE3A28FC}.Debug|Any CPU.ActiveCfg = Debug|Any CPU
		{7454DAD6-57D7-4B89-AF9F-7365EE3A28FC}.Debug|Any CPU.Build.0 = Debug|Any CPU
		{7454DAD6-57D7-4B89-AF9F-7365EE3A28FC}.Debug|x64.ActiveCfg = Debug|Any CPU
		{7454DAD6-57D7-4B89-AF9F-7365EE3A28FC}.Debug|x64.Build.0 = Debug|Any CPU
		{7454DAD6-57D7-4B89-AF9F-7365EE3A28FC}.Debug|x86.ActiveCfg = Debug|Any CPU
		{7454DAD6-57D7-4B89-AF9F-7365EE3A28FC}.Debug|x86.Build.0 = Debug|Any CPU
		{7454DAD6-57D7-4B89-AF9F-7365EE3A28FC}.Release|Any CPU.ActiveCfg = Release|Any CPU
		{7454DAD6-57D7-4B89-AF9F-7365EE3A28FC}.Release|Any CPU.Build.0 = Release|Any CPU
		{7454DAD6-57D7-4B89-AF9F-7365EE3A28FC}.Release|x64.ActiveCfg = Release|Any CPU
		{7454DAD6-57D7-4B89-AF9F-7365EE3A28FC}.Release|x64.Build.0 = Release|Any CPU
		{7454DAD6-57D7-4B89-AF9F-7365EE3A28FC}.Release|x86.ActiveCfg = Release|Any CPU
		{7454DAD6-57D7-4B89-AF9F-7365EE3A28FC}.Release|x86.Build.0 = Release|Any CPU
		{566AFF6A-3348-495E-AE06-87934A643C54}.Debug|Any CPU.ActiveCfg = Debug|Any CPU
		{566AFF6A-3348-495E-AE06-87934A643C54}.Debug|Any CPU.Build.0 = Debug|Any CPU
		{566AFF6A-3348-495E-AE06-87934A643C54}.Debug|x64.ActiveCfg = Debug|Any CPU
		{566AFF6A-3348-495E-AE06-87934A643C54}.Debug|x64.Build.0 = Debug|Any CPU
		{566AFF6A-3348-495E-AE06-87934A643C54}.Debug|x86.ActiveCfg = Debug|Any CPU
		{566AFF6A-3348-495E-AE06-87934A643C54}.Debug|x86.Build.0 = Debug|Any CPU
		{566AFF6A-3348-495E-AE06-87934A643C54}.Release|Any CPU.ActiveCfg = Release|Any CPU
		{566AFF6A-3348-495E-AE06-87934A643C54}.Release|Any CPU.Build.0 = Release|Any CPU
		{566AFF6A-3348-495E-AE06-87934A643C54}.Release|x64.ActiveCfg = Release|Any CPU
		{566AFF6A-3348-495E-AE06-87934A643C54}.Release|x64.Build.0 = Release|Any CPU
		{566AFF6A-3348-495E-AE06-87934A643C54}.Release|x86.ActiveCfg = Release|Any CPU
		{566AFF6A-3348-495E-AE06-87934A643C54}.Release|x86.Build.0 = Release|Any CPU
		{B6C1FC06-F651-4B35-8B2E-1F20889ADB99}.Debug|Any CPU.ActiveCfg = Debug|Any CPU
		{B6C1FC06-F651-4B35-8B2E-1F20889ADB99}.Debug|Any CPU.Build.0 = Debug|Any CPU
		{B6C1FC06-F651-4B35-8B2E-1F20889ADB99}.Debug|x64.ActiveCfg = Debug|Any CPU
		{B6C1FC06-F651-4B35-8B2E-1F20889ADB99}.Debug|x64.Build.0 = Debug|Any CPU
		{B6C1FC06-F651-4B35-8B2E-1F20889ADB99}.Debug|x86.ActiveCfg = Debug|Any CPU
		{B6C1FC06-F651-4B35-8B2E-1F20889ADB99}.Debug|x86.Build.0 = Debug|Any CPU
		{B6C1FC06-F651-4B35-8B2E-1F20889ADB99}.Release|Any CPU.ActiveCfg = Release|Any CPU
		{B6C1FC06-F651-4B35-8B2E-1F20889ADB99}.Release|Any CPU.Build.0 = Release|Any CPU
		{B6C1FC06-F651-4B35-8B2E-1F20889ADB99}.Release|x64.ActiveCfg = Release|Any CPU
		{B6C1FC06-F651-4B35-8B2E-1F20889ADB99}.Release|x64.Build.0 = Release|Any CPU
		{B6C1FC06-F651-4B35-8B2E-1F20889ADB99}.Release|x86.ActiveCfg = Release|Any CPU
		{B6C1FC06-F651-4B35-8B2E-1F20889ADB99}.Release|x86.Build.0 = Release|Any CPU
		{97B30EC7-FE9B-4A95-ACA0-6CE44FB020EE}.Debug|Any CPU.ActiveCfg = Debug|Any CPU
		{97B30EC7-FE9B-4A95-ACA0-6CE44FB020EE}.Debug|Any CPU.Build.0 = Debug|Any CPU
		{97B30EC7-FE9B-4A95-ACA0-6CE44FB020EE}.Debug|x64.ActiveCfg = Debug|Any CPU
		{97B30EC7-FE9B-4A95-ACA0-6CE44FB020EE}.Debug|x64.Build.0 = Debug|Any CPU
		{97B30EC7-FE9B-4A95-ACA0-6CE44FB020EE}.Debug|x86.ActiveCfg = Debug|Any CPU
		{97B30EC7-FE9B-4A95-ACA0-6CE44FB020EE}.Debug|x86.Build.0 = Debug|Any CPU
		{97B30EC7-FE9B-4A95-ACA0-6CE44FB020EE}.Release|Any CPU.ActiveCfg = Release|Any CPU
		{97B30EC7-FE9B-4A95-ACA0-6CE44FB020EE}.Release|Any CPU.Build.0 = Release|Any CPU
		{97B30EC7-FE9B-4A95-ACA0-6CE44FB020EE}.Release|x64.ActiveCfg = Release|Any CPU
		{97B30EC7-FE9B-4A95-ACA0-6CE44FB020EE}.Release|x64.Build.0 = Release|Any CPU
		{97B30EC7-FE9B-4A95-ACA0-6CE44FB020EE}.Release|x86.ActiveCfg = Release|Any CPU
		{97B30EC7-FE9B-4A95-ACA0-6CE44FB020EE}.Release|x86.Build.0 = Release|Any CPU
		{FB7457A9-68C4-4837-B207-C9F80A8CA97B}.Debug|Any CPU.ActiveCfg = Debug|Any CPU
		{FB7457A9-68C4-4837-B207-C9F80A8CA97B}.Debug|Any CPU.Build.0 = Debug|Any CPU
		{FB7457A9-68C4-4837-B207-C9F80A8CA97B}.Debug|x64.ActiveCfg = Debug|Any CPU
		{FB7457A9-68C4-4837-B207-C9F80A8CA97B}.Debug|x64.Build.0 = Debug|Any CPU
		{FB7457A9-68C4-4837-B207-C9F80A8CA97B}.Debug|x86.ActiveCfg = Debug|Any CPU
		{FB7457A9-68C4-4837-B207-C9F80A8CA97B}.Debug|x86.Build.0 = Debug|Any CPU
		{FB7457A9-68C4-4837-B207-C9F80A8CA97B}.Release|Any CPU.ActiveCfg = Release|Any CPU
		{FB7457A9-68C4-4837-B207-C9F80A8CA97B}.Release|Any CPU.Build.0 = Release|Any CPU
		{FB7457A9-68C4-4837-B207-C9F80A8CA97B}.Release|x64.ActiveCfg = Release|Any CPU
		{FB7457A9-68C4-4837-B207-C9F80A8CA97B}.Release|x64.Build.0 = Release|Any CPU
		{FB7457A9-68C4-4837-B207-C9F80A8CA97B}.Release|x86.ActiveCfg = Release|Any CPU
		{FB7457A9-68C4-4837-B207-C9F80A8CA97B}.Release|x86.Build.0 = Release|Any CPU
		{AD75B11A-7533-40B2-86DB-DEDD491655B5}.Debug|Any CPU.ActiveCfg = Debug|Any CPU
		{AD75B11A-7533-40B2-86DB-DEDD491655B5}.Debug|Any CPU.Build.0 = Debug|Any CPU
		{AD75B11A-7533-40B2-86DB-DEDD491655B5}.Debug|x64.ActiveCfg = Debug|Any CPU
		{AD75B11A-7533-40B2-86DB-DEDD491655B5}.Debug|x64.Build.0 = Debug|Any CPU
		{AD75B11A-7533-40B2-86DB-DEDD491655B5}.Debug|x86.ActiveCfg = Debug|Any CPU
		{AD75B11A-7533-40B2-86DB-DEDD491655B5}.Debug|x86.Build.0 = Debug|Any CPU
		{AD75B11A-7533-40B2-86DB-DEDD491655B5}.Release|Any CPU.ActiveCfg = Release|Any CPU
		{AD75B11A-7533-40B2-86DB-DEDD491655B5}.Release|Any CPU.Build.0 = Release|Any CPU
		{AD75B11A-7533-40B2-86DB-DEDD491655B5}.Release|x64.ActiveCfg = Release|Any CPU
		{AD75B11A-7533-40B2-86DB-DEDD491655B5}.Release|x64.Build.0 = Release|Any CPU
		{AD75B11A-7533-40B2-86DB-DEDD491655B5}.Release|x86.ActiveCfg = Release|Any CPU
		{AD75B11A-7533-40B2-86DB-DEDD491655B5}.Release|x86.Build.0 = Release|Any CPU
		{47B743BA-406F-4253-9B77-75842E1ABC32}.Debug|Any CPU.ActiveCfg = Debug|Any CPU
		{47B743BA-406F-4253-9B77-75842E1ABC32}.Debug|Any CPU.Build.0 = Debug|Any CPU
		{47B743BA-406F-4253-9B77-75842E1ABC32}.Debug|x64.ActiveCfg = Debug|Any CPU
		{47B743BA-406F-4253-9B77-75842E1ABC32}.Debug|x64.Build.0 = Debug|Any CPU
		{47B743BA-406F-4253-9B77-75842E1ABC32}.Debug|x86.ActiveCfg = Debug|Any CPU
		{47B743BA-406F-4253-9B77-75842E1ABC32}.Debug|x86.Build.0 = Debug|Any CPU
		{47B743BA-406F-4253-9B77-75842E1ABC32}.Release|Any CPU.ActiveCfg = Release|Any CPU
		{47B743BA-406F-4253-9B77-75842E1ABC32}.Release|Any CPU.Build.0 = Release|Any CPU
		{47B743BA-406F-4253-9B77-75842E1ABC32}.Release|x64.ActiveCfg = Release|Any CPU
		{47B743BA-406F-4253-9B77-75842E1ABC32}.Release|x64.Build.0 = Release|Any CPU
		{47B743BA-406F-4253-9B77-75842E1ABC32}.Release|x86.ActiveCfg = Release|Any CPU
		{47B743BA-406F-4253-9B77-75842E1ABC32}.Release|x86.Build.0 = Release|Any CPU
		{77399A4C-18D3-4D0D-AC2B-30BAB7FCCE47}.Debug|Any CPU.ActiveCfg = Debug|Any CPU
		{77399A4C-18D3-4D0D-AC2B-30BAB7FCCE47}.Debug|Any CPU.Build.0 = Debug|Any CPU
		{77399A4C-18D3-4D0D-AC2B-30BAB7FCCE47}.Debug|x64.ActiveCfg = Debug|Any CPU
		{77399A4C-18D3-4D0D-AC2B-30BAB7FCCE47}.Debug|x64.Build.0 = Debug|Any CPU
		{77399A4C-18D3-4D0D-AC2B-30BAB7FCCE47}.Debug|x86.ActiveCfg = Debug|Any CPU
		{77399A4C-18D3-4D0D-AC2B-30BAB7FCCE47}.Debug|x86.Build.0 = Debug|Any CPU
		{77399A4C-18D3-4D0D-AC2B-30BAB7FCCE47}.Release|Any CPU.ActiveCfg = Release|Any CPU
		{77399A4C-18D3-4D0D-AC2B-30BAB7FCCE47}.Release|Any CPU.Build.0 = Release|Any CPU
		{77399A4C-18D3-4D0D-AC2B-30BAB7FCCE47}.Release|x64.ActiveCfg = Release|Any CPU
		{77399A4C-18D3-4D0D-AC2B-30BAB7FCCE47}.Release|x64.Build.0 = Release|Any CPU
		{77399A4C-18D3-4D0D-AC2B-30BAB7FCCE47}.Release|x86.ActiveCfg = Release|Any CPU
		{77399A4C-18D3-4D0D-AC2B-30BAB7FCCE47}.Release|x86.Build.0 = Release|Any CPU
		{8C910B2B-2F75-4973-8F6D-39A00E62E342}.Debug|Any CPU.ActiveCfg = Debug|Any CPU
		{8C910B2B-2F75-4973-8F6D-39A00E62E342}.Debug|Any CPU.Build.0 = Debug|Any CPU
		{8C910B2B-2F75-4973-8F6D-39A00E62E342}.Debug|x64.ActiveCfg = Debug|Any CPU
		{8C910B2B-2F75-4973-8F6D-39A00E62E342}.Debug|x64.Build.0 = Debug|Any CPU
		{8C910B2B-2F75-4973-8F6D-39A00E62E342}.Debug|x86.ActiveCfg = Debug|Any CPU
		{8C910B2B-2F75-4973-8F6D-39A00E62E342}.Debug|x86.Build.0 = Debug|Any CPU
		{8C910B2B-2F75-4973-8F6D-39A00E62E342}.Release|Any CPU.ActiveCfg = Release|Any CPU
		{8C910B2B-2F75-4973-8F6D-39A00E62E342}.Release|Any CPU.Build.0 = Release|Any CPU
		{8C910B2B-2F75-4973-8F6D-39A00E62E342}.Release|x64.ActiveCfg = Release|Any CPU
		{8C910B2B-2F75-4973-8F6D-39A00E62E342}.Release|x64.Build.0 = Release|Any CPU
		{8C910B2B-2F75-4973-8F6D-39A00E62E342}.Release|x86.ActiveCfg = Release|Any CPU
		{8C910B2B-2F75-4973-8F6D-39A00E62E342}.Release|x86.Build.0 = Release|Any CPU
		{E2CE7D75-D47B-4F73-859C-FA096FB24874}.Debug|Any CPU.ActiveCfg = Debug|Any CPU
		{E2CE7D75-D47B-4F73-859C-FA096FB24874}.Debug|Any CPU.Build.0 = Debug|Any CPU
		{E2CE7D75-D47B-4F73-859C-FA096FB24874}.Debug|x64.ActiveCfg = Debug|Any CPU
		{E2CE7D75-D47B-4F73-859C-FA096FB24874}.Debug|x64.Build.0 = Debug|Any CPU
		{E2CE7D75-D47B-4F73-859C-FA096FB24874}.Debug|x86.ActiveCfg = Debug|Any CPU
		{E2CE7D75-D47B-4F73-859C-FA096FB24874}.Debug|x86.Build.0 = Debug|Any CPU
		{E2CE7D75-D47B-4F73-859C-FA096FB24874}.Release|Any CPU.ActiveCfg = Release|Any CPU
		{E2CE7D75-D47B-4F73-859C-FA096FB24874}.Release|Any CPU.Build.0 = Release|Any CPU
		{E2CE7D75-D47B-4F73-859C-FA096FB24874}.Release|x64.ActiveCfg = Release|Any CPU
		{E2CE7D75-D47B-4F73-859C-FA096FB24874}.Release|x64.Build.0 = Release|Any CPU
		{E2CE7D75-D47B-4F73-859C-FA096FB24874}.Release|x86.ActiveCfg = Release|Any CPU
		{E2CE7D75-D47B-4F73-859C-FA096FB24874}.Release|x86.Build.0 = Release|Any CPU
		{20B03FD1-521F-4893-B5E7-9C8E44DDDF73}.Debug|Any CPU.ActiveCfg = Debug|Any CPU
		{20B03FD1-521F-4893-B5E7-9C8E44DDDF73}.Debug|Any CPU.Build.0 = Debug|Any CPU
		{20B03FD1-521F-4893-B5E7-9C8E44DDDF73}.Debug|x64.ActiveCfg = Debug|Any CPU
		{20B03FD1-521F-4893-B5E7-9C8E44DDDF73}.Debug|x64.Build.0 = Debug|Any CPU
		{20B03FD1-521F-4893-B5E7-9C8E44DDDF73}.Debug|x86.ActiveCfg = Debug|Any CPU
		{20B03FD1-521F-4893-B5E7-9C8E44DDDF73}.Debug|x86.Build.0 = Debug|Any CPU
		{20B03FD1-521F-4893-B5E7-9C8E44DDDF73}.Release|Any CPU.ActiveCfg = Release|Any CPU
		{20B03FD1-521F-4893-B5E7-9C8E44DDDF73}.Release|Any CPU.Build.0 = Release|Any CPU
		{20B03FD1-521F-4893-B5E7-9C8E44DDDF73}.Release|x64.ActiveCfg = Release|Any CPU
		{20B03FD1-521F-4893-B5E7-9C8E44DDDF73}.Release|x64.Build.0 = Release|Any CPU
		{20B03FD1-521F-4893-B5E7-9C8E44DDDF73}.Release|x86.ActiveCfg = Release|Any CPU
		{20B03FD1-521F-4893-B5E7-9C8E44DDDF73}.Release|x86.Build.0 = Release|Any CPU
		{FBB9A5CB-60A3-4C01-8400-A7D4A5FDF1DB}.Debug|Any CPU.ActiveCfg = Debug|Any CPU
		{FBB9A5CB-60A3-4C01-8400-A7D4A5FDF1DB}.Debug|Any CPU.Build.0 = Debug|Any CPU
		{FBB9A5CB-60A3-4C01-8400-A7D4A5FDF1DB}.Debug|x64.ActiveCfg = Debug|Any CPU
		{FBB9A5CB-60A3-4C01-8400-A7D4A5FDF1DB}.Debug|x64.Build.0 = Debug|Any CPU
		{FBB9A5CB-60A3-4C01-8400-A7D4A5FDF1DB}.Debug|x86.ActiveCfg = Debug|Any CPU
		{FBB9A5CB-60A3-4C01-8400-A7D4A5FDF1DB}.Debug|x86.Build.0 = Debug|Any CPU
		{FBB9A5CB-60A3-4C01-8400-A7D4A5FDF1DB}.Release|Any CPU.ActiveCfg = Release|Any CPU
		{FBB9A5CB-60A3-4C01-8400-A7D4A5FDF1DB}.Release|Any CPU.Build.0 = Release|Any CPU
		{FBB9A5CB-60A3-4C01-8400-A7D4A5FDF1DB}.Release|x64.ActiveCfg = Release|Any CPU
		{FBB9A5CB-60A3-4C01-8400-A7D4A5FDF1DB}.Release|x64.Build.0 = Release|Any CPU
		{FBB9A5CB-60A3-4C01-8400-A7D4A5FDF1DB}.Release|x86.ActiveCfg = Release|Any CPU
		{FBB9A5CB-60A3-4C01-8400-A7D4A5FDF1DB}.Release|x86.Build.0 = Release|Any CPU
		{0F1C189A-17C0-498C-B67A-C3777FB13684}.Debug|Any CPU.ActiveCfg = Debug|Any CPU
		{0F1C189A-17C0-498C-B67A-C3777FB13684}.Debug|Any CPU.Build.0 = Debug|Any CPU
		{0F1C189A-17C0-498C-B67A-C3777FB13684}.Debug|x64.ActiveCfg = Debug|Any CPU
		{0F1C189A-17C0-498C-B67A-C3777FB13684}.Debug|x64.Build.0 = Debug|Any CPU
		{0F1C189A-17C0-498C-B67A-C3777FB13684}.Debug|x86.ActiveCfg = Debug|Any CPU
		{0F1C189A-17C0-498C-B67A-C3777FB13684}.Debug|x86.Build.0 = Debug|Any CPU
		{0F1C189A-17C0-498C-B67A-C3777FB13684}.Release|Any CPU.ActiveCfg = Release|Any CPU
		{0F1C189A-17C0-498C-B67A-C3777FB13684}.Release|Any CPU.Build.0 = Release|Any CPU
		{0F1C189A-17C0-498C-B67A-C3777FB13684}.Release|x64.ActiveCfg = Release|Any CPU
		{0F1C189A-17C0-498C-B67A-C3777FB13684}.Release|x64.Build.0 = Release|Any CPU
		{0F1C189A-17C0-498C-B67A-C3777FB13684}.Release|x86.ActiveCfg = Release|Any CPU
		{0F1C189A-17C0-498C-B67A-C3777FB13684}.Release|x86.Build.0 = Release|Any CPU
		{1911ED85-8F64-4E9B-9FF9-A2817D0F8B3E}.Debug|Any CPU.ActiveCfg = Debug|Any CPU
		{1911ED85-8F64-4E9B-9FF9-A2817D0F8B3E}.Debug|Any CPU.Build.0 = Debug|Any CPU
		{1911ED85-8F64-4E9B-9FF9-A2817D0F8B3E}.Debug|x64.ActiveCfg = Debug|Any CPU
		{1911ED85-8F64-4E9B-9FF9-A2817D0F8B3E}.Debug|x64.Build.0 = Debug|Any CPU
		{1911ED85-8F64-4E9B-9FF9-A2817D0F8B3E}.Debug|x86.ActiveCfg = Debug|Any CPU
		{1911ED85-8F64-4E9B-9FF9-A2817D0F8B3E}.Debug|x86.Build.0 = Debug|Any CPU
		{1911ED85-8F64-4E9B-9FF9-A2817D0F8B3E}.Release|Any CPU.ActiveCfg = Release|Any CPU
		{1911ED85-8F64-4E9B-9FF9-A2817D0F8B3E}.Release|Any CPU.Build.0 = Release|Any CPU
		{1911ED85-8F64-4E9B-9FF9-A2817D0F8B3E}.Release|x64.ActiveCfg = Release|Any CPU
		{1911ED85-8F64-4E9B-9FF9-A2817D0F8B3E}.Release|x64.Build.0 = Release|Any CPU
		{1911ED85-8F64-4E9B-9FF9-A2817D0F8B3E}.Release|x86.ActiveCfg = Release|Any CPU
		{1911ED85-8F64-4E9B-9FF9-A2817D0F8B3E}.Release|x86.Build.0 = Release|Any CPU
		{38682539-568A-3719-8909-5B3324805543}.Debug|Any CPU.ActiveCfg = Debug|Any CPU
		{38682539-568A-3719-8909-5B3324805543}.Debug|Any CPU.Build.0 = Debug|Any CPU
		{38682539-568A-3719-8909-5B3324805543}.Debug|x64.ActiveCfg = Debug|Any CPU
		{38682539-568A-3719-8909-5B3324805543}.Debug|x64.Build.0 = Debug|Any CPU
		{38682539-568A-3719-8909-5B3324805543}.Debug|x86.ActiveCfg = Debug|Any CPU
		{38682539-568A-3719-8909-5B3324805543}.Debug|x86.Build.0 = Debug|Any CPU
		{38682539-568A-3719-8909-5B3324805543}.Release|Any CPU.ActiveCfg = Release|Any CPU
		{38682539-568A-3719-8909-5B3324805543}.Release|Any CPU.Build.0 = Release|Any CPU
		{38682539-568A-3719-8909-5B3324805543}.Release|x64.ActiveCfg = Release|Any CPU
		{38682539-568A-3719-8909-5B3324805543}.Release|x64.Build.0 = Release|Any CPU
		{38682539-568A-3719-8909-5B3324805543}.Release|x86.ActiveCfg = Release|Any CPU
		{38682539-568A-3719-8909-5B3324805543}.Release|x86.Build.0 = Release|Any CPU
	EndGlobalSection
	GlobalSection(SolutionProperties) = preSolution
		HideSolutionNode = FALSE
	EndGlobalSection
	GlobalSection(NestedProjects) = preSolution
		{7D196F83-2661-2026-0376-8955439ACC1F} = {C77944B0-0D3A-86CF-E301-0389399A2286}
		{32627D81-CF67-44B9-B659-342EA79966A8} = {7D196F83-2661-2026-0376-8955439ACC1F}
		{5C3EB1F2-72C7-87C2-61E6-FC27803A142B} = {C77944B0-0D3A-86CF-E301-0389399A2286}
		{7454DAD6-57D7-4B89-AF9F-7365EE3A28FC} = {5C3EB1F2-72C7-87C2-61E6-FC27803A142B}
		{AB0F27BE-5EAB-D20B-F38F-08760D071155} = {C77944B0-0D3A-86CF-E301-0389399A2286}
		{566AFF6A-3348-495E-AE06-87934A643C54} = {AB0F27BE-5EAB-D20B-F38F-08760D071155}
		{B6C1FC06-F651-4B35-8B2E-1F20889ADB99} = {7D196F83-2661-2026-0376-8955439ACC1F}
		{97B30EC7-FE9B-4A95-ACA0-6CE44FB020EE} = {7D196F83-2661-2026-0376-8955439ACC1F}
		{FB7457A9-68C4-4837-B207-C9F80A8CA97B} = {7D196F83-2661-2026-0376-8955439ACC1F}
		{AD75B11A-7533-40B2-86DB-DEDD491655B5} = {7D196F83-2661-2026-0376-8955439ACC1F}
		{47B743BA-406F-4253-9B77-75842E1ABC32} = {5C3EB1F2-72C7-87C2-61E6-FC27803A142B}
		{77399A4C-18D3-4D0D-AC2B-30BAB7FCCE47} = {5C3EB1F2-72C7-87C2-61E6-FC27803A142B}
		{8C910B2B-2F75-4973-8F6D-39A00E62E342} = {5C3EB1F2-72C7-87C2-61E6-FC27803A142B}
		{E2CE7D75-D47B-4F73-859C-FA096FB24874} = {AB0F27BE-5EAB-D20B-F38F-08760D071155}
		{20B03FD1-521F-4893-B5E7-9C8E44DDDF73} = {AB0F27BE-5EAB-D20B-F38F-08760D071155}
		{FBB9A5CB-60A3-4C01-8400-A7D4A5FDF1DB} = {AB0F27BE-5EAB-D20B-F38F-08760D071155}
		{38682539-568A-3719-8909-5B3324805543} = {5C3EB1F2-72C7-87C2-61E6-FC27803A142B}
	EndGlobalSection
	GlobalSection(ExtensibilityGlobals) = postSolution
		SolutionGuid = {F15FA95A-2976-493B-AA4A-033ECCBFD759}
	EndGlobalSection
EndGlobal
