
Microsoft Visual Studio Solution File, Format Version 12.00
# Visual Studio Version 17
VisualStudioVersion = 17.0.31903.59
MinimumVisualStudioVersion = 10.0.40219.1
Project("{FAE04EC0-301F-11D3-BF4B-00C04F79EFBC}") = "Clothy.AppHost", "Clothy.AppHost\Clothy.AppHost.csproj", "{F86F401E-046A-4432-970D-357F4DF2352C}"
EndProject
Project("{FAE04EC0-301F-11D3-BF4B-00C04F79EFBC}") = "Clothy.ServiceDefaults", "Clothy.ServiceDefaults\Clothy.ServiceDefaults.csproj", "{63674236-D30C-41B9-9985-617A8562999E}"
EndProject
Project("{2150E333-8FDC-42A3-9474-1A3956D46DE8}") = "Clothy.Services", "Clothy.Services", "{C77944B0-0D3A-86CF-E301-0389399A2286}"
EndProject
Project("{2150E333-8FDC-42A3-9474-1A3956D46DE8}") = "Clothy.CatalogService", "Clothy.CatalogService", "{7D196F83-2661-2026-0376-8955439ACC1F}"
EndProject
Project("{FAE04EC0-301F-11D3-BF4B-00C04F79EFBC}") = "Clothy.CatalogService.API", "Clothy.Services\Clothy.CatalogService\Clothy.CatalogService.API\Clothy.CatalogService.API.csproj", "{32627D81-CF67-44B9-B659-342EA79966A8}"
EndProject
Project("{2150E333-8FDC-42A3-9474-1A3956D46DE8}") = "Clothy.OrderService", "Clothy.OrderService", "{5C3EB1F2-72C7-87C2-61E6-FC27803A142B}"
EndProject
Project("{FAE04EC0-301F-11D3-BF4B-00C04F79EFBC}") = "Clothy.OrderService.API", "Clothy.Services\Clothy.OrderService\Clothy.OrderService.API\Clothy.OrderService.API.csproj", "{7454DAD6-57D7-4B89-AF9F-7365EE3A28FC}"
EndProject
Project("{2150E333-8FDC-42A3-9474-1A3956D46DE8}") = "Clothy.ReviewService", "Clothy.ReviewService", "{AB0F27BE-5EAB-D20B-F38F-08760D071155}"
EndProject
Project("{FAE04EC0-301F-11D3-BF4B-00C04F79EFBC}") = "Clothy.ReviewService.API", "Clothy.Services\Clothy.ReviewService\Clothy.ReviewService.API\Clothy.ReviewService.API.csproj", "{566AFF6A-3348-495E-AE06-87934A643C54}"
EndProject
Project("{FAE04EC0-301F-11D3-BF4B-00C04F79EFBC}") = "Clothy.CatalogService.BLL", "Clothy.Services\Clothy.CatalogService\Clothy.CatalogService.BLL\Clothy.CatalogService.BLL.csproj", "{B6C1FC06-F651-4B35-8B2E-1F20889ADB99}"
EndProject
Project("{FAE04EC0-301F-11D3-BF4B-00C04F79EFBC}") = "Clothy.CatalogService.DAL", "Clothy.Services\Clothy.CatalogService\Clothy.CatalogService.DAL\Clothy.CatalogService.DAL.csproj", "{97B30EC7-FE9B-4A95-ACA0-6CE44FB020EE}"
EndProject
Project("{FAE04EC0-301F-11D3-BF4B-00C04F79EFBC}") = "Clothy.CatalogService.Domain", "Clothy.Services\Clothy.CatalogService\Clothy.CatalogService.Domain\Clothy.CatalogService.Domain.csproj", "{FB7457A9-68C4-4837-B207-C9F80A8CA97B}"
EndProject
Project("{FAE04EC0-301F-11D3-BF4B-00C04F79EFBC}") = "Clothy.CatalogService.SeedData", "Clothy.Services\Clothy.CatalogService\Clothy.CatalogService.SeedData\Clothy.CatalogService.SeedData.csproj", "{AD75B11A-7533-40B2-86DB-DEDD491655B5}"
EndProject
Project("{FAE04EC0-301F-11D3-BF4B-00C04F79EFBC}") = "Clothy.OrderService.BLL", "Clothy.Services\Clothy.OrderService\Clothy.OrderService.BLL\Clothy.OrderService.BLL.csproj", "{47B743BA-406F-4253-9B77-75842E1ABC32}"
EndProject
Project("{FAE04EC0-301F-11D3-BF4B-00C04F79EFBC}") = "Clothy.OrderService.DAL", "Clothy.Services\Clothy.OrderService\Clothy.OrderService.DAL\Clothy.OrderService.DAL.csproj", "{77399A4C-18D3-4D0D-AC2B-30BAB7FCCE47}"
EndProject
Project("{FAE04EC0-301F-11D3-BF4B-00C04F79EFBC}") = "Clothy.OrderService.Domain", "Clothy.Services\Clothy.OrderService\Clothy.OrderService.Domain\Clothy.OrderService.Domain.csproj", "{8C910B2B-2F75-4973-8F6D-39A00E62E342}"
EndProject
Project("{FAE04EC0-301F-11D3-BF4B-00C04F79EFBC}") = "Clothy.ReviewService.Application", "Clothy.Services\Clothy.ReviewService\Clothy.ReviewService.Application\Clothy.ReviewService.Application.csproj", "{E2CE7D75-D47B-4F73-859C-FA096FB24874}"
EndProject
Project("{FAE04EC0-301F-11D3-BF4B-00C04F79EFBC}") = "Clothy.ReviewService.Domain", "Clothy.Services\Clothy.ReviewService\Clothy.ReviewService.Domain\Clothy.ReviewService.Domain.csproj", "{20B03FD1-521F-4893-B5E7-9C8E44DDDF73}"
EndProject
Project("{FAE04EC0-301F-11D3-BF4B-00C04F79EFBC}") = "Clothy.ReviewService.Infrastructure", "Clothy.Services\Clothy.ReviewService\Clothy.ReviewService.Infrastructure\Clothy.ReviewService.Infrastructure.csproj", "{FBB9A5CB-60A3-4C01-8400-A7D4A5FDF1DB}"
EndProject
Project("{FAE04EC0-301F-11D3-BF4B-00C04F79EFBC}") = "Clothy.Gateway", "Clothy.Gateway\Clothy.Gateway.csproj", "{0F1C189A-17C0-498C-B67A-C3777FB13684}"
EndProject
Project("{FAE04EC0-301F-11D3-BF4B-00C04F79EFBC}") = "Clothy.OrderService.SeedData", "Clothy.Services\Clothy.OrderService\Clothy.OrderService.SeedData\Clothy.OrderService.SeedData.csproj", "{38682539-568A-3719-8909-5B3324805543}"
EndProject
Project("{FAE04EC0-301F-11D3-BF4B-00C04F79EFBC}") = "Clothy.Shared", "Clothy.Shared\Clothy.Shared.csproj", "{D3339B93-9A4E-48EF-AA47-F62D8E8CEF9C}"
EndProject
Project("{FAE04EC0-301F-11D3-BF4B-00C04F79EFBC}") = "Clothy.OrderService.gRPC.Client", "Clothy.Services\Clothy.OrderService\Clothy.OrderService.gRPC.Client\Clothy.OrderService.gRPC.Client.csproj", "{33B82821-FF18-4B25-A359-620E3825B6F0}"
EndProject
Project("{FAE04EC0-301F-11D3-BF4B-00C04F79EFBC}") = "Clothy.CatalogService.gRPC.Server", "Clothy.Services\Clothy.CatalogService\Clothy.CatalogService.gRPC.Server\Clothy.CatalogService.gRPC.Server.csproj", "{520B3BF2-8ACA-401F-9DBB-D3C002C66DB6}"
EndProject
Project("{FAE04EC0-301F-11D3-BF4B-00C04F79EFBC}") = "Clothy.ReviewService.gRPC.Client", "Clothy.Services\Clothy.ReviewService\Clothy.ReviewService.gRPC.Client\Clothy.ReviewService.gRPC.Client.csproj", "{F167B4A7-20A9-4B12-85D0-1FC09F984D67}"
EndProject
Project("{2150E333-8FDC-42A3-9474-1A3956D46DE8}") = "Clothy.Aggregator", "Clothy.Aggregator", "{02EA681E-C7D8-13C7-8484-4AC65E1B71E8}"
EndProject
Project("{FAE04EC0-301F-11D3-BF4B-00C04F79EFBC}") = "Clothy.Aggregator.API", "Clothy.Aggregator\Clothy.Aggregator.API\Clothy.Aggregator.API.csproj", "{81F08E08-4D19-B8F3-ED88-DF1849F60E13}"
EndProject
Project("{FAE04EC0-301F-11D3-BF4B-00C04F79EFBC}") = "Clothy.Aggregator.Aggregate", "Clothy.Aggregator\Clothy.Aggregator.Aggregate\Clothy.Aggregator.Aggregate.csproj", "{C58D4ED3-BA80-41BF-9BE4-7A16B1449710}"
EndProject
Project("{FAE04EC0-301F-11D3-BF4B-00C04F79EFBC}") = "Clothy.ReviewService.gRPC.Server", "Clothy.Services\Clothy.ReviewService\Clothy.ReviewService.gRPC.Server\Clothy.ReviewService.gRPC.Server.csproj", "{00BB86B3-D096-489F-962C-8B41711EE054}"
EndProject
Project("{2150E333-8FDC-42A3-9474-1A3956D46DE8}") = "Clothy.UserService", "Clothy.UserService", "{DB7E9D7C-D4FF-48F9-96EE-53344FE2E04B}"
EndProject
Project("{FAE04EC0-301F-11D3-BF4B-00C04F79EFBC}") = "Clothy.UserService.API", "Clothy.Services\Clothy.UserService\Clothy.UserService.API\Clothy.UserService.API.csproj", "{805FDE96-7045-22B9-E11D-A78575AD706B}"
EndProject
Project("{FAE04EC0-301F-11D3-BF4B-00C04F79EFBC}") = "Clothy.UserService.BLL", "Clothy.Services\Clothy.UserService\Clothy.UserService.BLL\Clothy.UserService.BLL.csproj", "{6E7F8A04-3677-42F3-9688-B014619623C4}"
EndProject
Project("{FAE04EC0-301F-11D3-BF4B-00C04F79EFBC}") = "Clothy.UserService.DAL", "Clothy.Services\Clothy.UserService\Clothy.UserService.DAL\Clothy.UserService.DAL.csproj", "{06947FFC-23C1-427E-AC0A-5F45436E9421}"
EndProject
Project("{FAE04EC0-301F-11D3-BF4B-00C04F79EFBC}") = "Clothy.UserService.Domain", "Clothy.Services\Clothy.UserService\Clothy.UserService.Domain\Clothy.UserService.Domain.csproj", "{B6670DF3-1E0E-4B0A-822E-796326EFA124}"
EndProject
Project("{2150E333-8FDC-42A3-9474-1A3956D46DE8}") = "Clothy.BasketService", "Clothy.BasketService", "{9CF928D4-457C-4723-B647-709DF39F86C3}"
EndProject
Project("{FAE04EC0-301F-11D3-BF4B-00C04F79EFBC}") = "Clothy.BasketService.API", "Clothy.Services\Clothy.BasketService\Clothy.BasketService.API\Clothy.BasketService.API.csproj", "{B510B834-2C93-B650-5B7C-ACC6E9DCBA2E}"
EndProject
Project("{FAE04EC0-301F-11D3-BF4B-00C04F79EFBC}") = "Clothy.BasketService.BLL", "Clothy.Services\Clothy.BasketService\Clothy.BasketService.BLL\Clothy.BasketService.BLL.csproj", "{E75DE544-F3B7-43F6-9659-DF78FB6CF12B}"
EndProject
Project("{FAE04EC0-301F-11D3-BF4B-00C04F79EFBC}") = "Clothy.BasketService.DAL", "Clothy.Services\Clothy.BasketService\Clothy.BasketService.DAL\Clothy.BasketService.DAL.csproj", "{DAAA2492-F056-4EF7-90DF-297123DEDF50}"
EndProject
Project("{FAE04EC0-301F-11D3-BF4B-00C04F79EFBC}") = "Clothy.BaskteService.Domain", "Clothy.Services\Clothy.BasketService\Clothy.BaskteService.Domain\Clothy.BaskteService.Domain.csproj", "{093582DC-B111-4E22-9A82-AD72781BDA48}"
EndProject
Project("{FAE04EC0-301F-11D3-BF4B-00C04F79EFBC}") = "Clothy.BasketService.gRPC.Server", "Clothy.Services\Clothy.BasketService\Clothy.BasketService.gRPC.Server\Clothy.BasketService.gRPC.Server.csproj", "{0D6F17C2-3364-40F1-9604-8B4A9622A9BA}"
EndProject
Project("{FAE04EC0-301F-11D3-BF4B-00C04F79EFBC}") = "Clothy.Pulumi", "Clothy.Pulumi\Clothy.Pulumi.csproj", "{CD442A07-18BC-1242-BF29-AE659E46A452}"
EndProject
Project("{2150E333-8FDC-42A3-9474-1A3956D46DE8}") = "Clothy.AuthService", "Clothy.AuthService", "{2578A251-2EA8-4E6B-92C5-E680974D24E8}"
EndProject
Project("{FAE04EC0-301F-11D3-BF4B-00C04F79EFBC}") = "Clothy.AuthService.API", "Clothy.Services\Clothy.AuthService\Clothy.AuthService.API\Clothy.AuthService.API.csproj", "{9C84E2C0-2341-278D-FF49-56010E1C12A0}"
EndProject
Project("{FAE04EC0-301F-11D3-BF4B-00C04F79EFBC}") = "Clothy.AuthService.BLL", "Clothy.Services\Clothy.AuthService\Clothy.AuthService.BLL\Clothy.AuthService.BLL.csproj", "{3976F328-36F5-4F3C-8112-61A19D1255D3}"
EndProject
Project("{FAE04EC0-301F-11D3-BF4B-00C04F79EFBC}") = "Clothy.OrderService.gRPC.Server", "Clothy.Services\Clothy.OrderService\Clothy.OrderService.gRPC.Server\Clothy.OrderService.gRPC.Server.csproj", "{EE161405-1234-43E0-AECC-6DE787112C75}"
EndProject
Project("{2150E333-8FDC-42A3-9474-1A3956D46DE8}") = "Clothy.IdentityServer", "Clothy.IdentityServer", "{85F3335C-2434-4F37-B423-4CCFF36409D8}"
EndProject
Project("{FAE04EC0-301F-11D3-BF4B-00C04F79EFBC}") = "Clothy.IdentityServer.API", "Clothy.Services\Clothy.IdentityServer\Clothy.IdentityServer.API\Clothy.IdentityServer.API.csproj", "{A1DC74B8-F634-2B95-E1FD-25C94050A0AF}"
EndProject
Project("{2150E333-8FDC-42A3-9474-1A3956D46DE8}") = "Clothy.NotificationService", "Clothy.NotificationService", "{F2876FE3-8296-45D9-9AB7-B55995E83A81}"
EndProject
Project("{FAE04EC0-301F-11D3-BF4B-00C04F79EFBC}") = "Clothy.NotificationService.API", "Clothy.Services\Clothy.NotificationService\Clothy.NotificationService.API\Clothy.NotificationService.API.csproj", "{5E667C18-9E0D-5982-8ED8-6F9F5D911883}"
EndProject
Project("{FAE04EC0-301F-11D3-BF4B-00C04F79EFBC}") = "Clothy.NotificationService.BLL", "Clothy.Services\Clothy.NotificationService\Clothy.NotificationService.BLL\Clothy.NotificationService.BLL.csproj", "{0E9D6269-26FC-4FB4-92CF-0A4EE797314B}"
EndProject
Project("{2150E333-8FDC-42A3-9474-1A3956D46DE8}") = "Clothy.PaymentService", "Clothy.PaymentService", "{041E4A6E-25E0-4E06-A78D-13913DE440A3}"
EndProject
Project("{FAE04EC0-301F-11D3-BF4B-00C04F79EFBC}") = "Clothy.PaymentService.API", "Clothy.Services\Clothy.PaymentService\Clothy.PaymentService.API\Clothy.PaymentService.API.csproj", "{75BF675C-D456-2EC7-5F19-FE350130AEA1}"
EndProject
Project("{FAE04EC0-301F-11D3-BF4B-00C04F79EFBC}") = "Clothy.PaymentService.BLL", "Clothy.Services\Clothy.PaymentService\Clothy.PaymentService.BLL\Clothy.PaymentService.BLL.csproj", "{D7F5DE3A-3E49-4EE9-9A3F-E6D0247375C6}"
EndProject
Project("{FAE04EC0-301F-11D3-BF4B-00C04F79EFBC}") = "Clothy.PaymentService.Domain", "Clothy.Services\Clothy.PaymentService\Clothy.PaymentService.Domain\Clothy.PaymentService.Domain.csproj", "{47E1EB53-98D8-49DC-B026-99E10110E406}"
EndProject
Project("{FAE04EC0-301F-11D3-BF4B-00C04F79EFBC}") = "Clothy.PaymentService.DAL", "Clothy.Services\Clothy.PaymentService\Clothy.PaymentService.DAL\Clothy.PaymentService.DAL.csproj", "{121EDDC1-DBBB-40D8-999B-E988FA3DA092}"
EndProject
Project("{FAE04EC0-301F-11D3-BF4B-00C04F79EFBC}") = "Clothy.PaymentService.gRPC.Client", "Clothy.Services\Clothy.PaymentService\Clothy.PaymentService.gRPC.Client\Clothy.PaymentService.gRPC.Client.csproj", "{57F6DC0D-DA73-4BA2-9968-0E71FBDBEE5C}"
EndProject
Project("{FAE04EC0-301F-11D3-BF4B-00C04F79EFBC}") = "Clothy.BasketService.gRPC.Client", "Clothy.Services\Clothy.BasketService\Clothy.BasketService.gRPC.Client\Clothy.BasketService.gRPC.Client.csproj", "{79157E99-08D1-445E-B2AA-C3AD1CCAE2A7}"
EndProject
Global
	GlobalSection(SolutionConfigurationPlatforms) = preSolution
		Debug|Any CPU = Debug|Any CPU
		Debug|x64 = Debug|x64
		Debug|x86 = Debug|x86
		Release|Any CPU = Release|Any CPU
		Release|x64 = Release|x64
		Release|x86 = Release|x86
	EndGlobalSection
	GlobalSection(ProjectConfigurationPlatforms) = postSolution
		{F86F401E-046A-4432-970D-357F4DF2352C}.Debug|Any CPU.ActiveCfg = Debug|Any CPU
		{F86F401E-046A-4432-970D-357F4DF2352C}.Debug|Any CPU.Build.0 = Debug|Any CPU
		{F86F401E-046A-4432-970D-357F4DF2352C}.Debug|x64.ActiveCfg = Debug|Any CPU
		{F86F401E-046A-4432-970D-357F4DF2352C}.Debug|x64.Build.0 = Debug|Any CPU
		{F86F401E-046A-4432-970D-357F4DF2352C}.Debug|x86.ActiveCfg = Debug|Any CPU
		{F86F401E-046A-4432-970D-357F4DF2352C}.Debug|x86.Build.0 = Debug|Any CPU
		{F86F401E-046A-4432-970D-357F4DF2352C}.Release|Any CPU.ActiveCfg = Release|Any CPU
		{F86F401E-046A-4432-970D-357F4DF2352C}.Release|Any CPU.Build.0 = Release|Any CPU
		{F86F401E-046A-4432-970D-357F4DF2352C}.Release|x64.ActiveCfg = Release|Any CPU
		{F86F401E-046A-4432-970D-357F4DF2352C}.Release|x64.Build.0 = Release|Any CPU
		{F86F401E-046A-4432-970D-357F4DF2352C}.Release|x86.ActiveCfg = Release|Any CPU
		{F86F401E-046A-4432-970D-357F4DF2352C}.Release|x86.Build.0 = Release|Any CPU
		{63674236-D30C-41B9-9985-617A8562999E}.Debug|Any CPU.ActiveCfg = Debug|Any CPU
		{63674236-D30C-41B9-9985-617A8562999E}.Debug|Any CPU.Build.0 = Debug|Any CPU
		{63674236-D30C-41B9-9985-617A8562999E}.Debug|x64.ActiveCfg = Debug|Any CPU
		{63674236-D30C-41B9-9985-617A8562999E}.Debug|x64.Build.0 = Debug|Any CPU
		{63674236-D30C-41B9-9985-617A8562999E}.Debug|x86.ActiveCfg = Debug|Any CPU
		{63674236-D30C-41B9-9985-617A8562999E}.Debug|x86.Build.0 = Debug|Any CPU
		{63674236-D30C-41B9-9985-617A8562999E}.Release|Any CPU.ActiveCfg = Release|Any CPU
		{63674236-D30C-41B9-9985-617A8562999E}.Release|Any CPU.Build.0 = Release|Any CPU
		{63674236-D30C-41B9-9985-617A8562999E}.Release|x64.ActiveCfg = Release|Any CPU
		{63674236-D30C-41B9-9985-617A8562999E}.Release|x64.Build.0 = Release|Any CPU
		{63674236-D30C-41B9-9985-617A8562999E}.Release|x86.ActiveCfg = Release|Any CPU
		{63674236-D30C-41B9-9985-617A8562999E}.Release|x86.Build.0 = Release|Any CPU
		{32627D81-CF67-44B9-B659-342EA79966A8}.Debug|Any CPU.ActiveCfg = Debug|Any CPU
		{32627D81-CF67-44B9-B659-342EA79966A8}.Debug|Any CPU.Build.0 = Debug|Any CPU
		{32627D81-CF67-44B9-B659-342EA79966A8}.Debug|x64.ActiveCfg = Debug|Any CPU
		{32627D81-CF67-44B9-B659-342EA79966A8}.Debug|x64.Build.0 = Debug|Any CPU
		{32627D81-CF67-44B9-B659-342EA79966A8}.Debug|x86.ActiveCfg = Debug|Any CPU
		{32627D81-CF67-44B9-B659-342EA79966A8}.Debug|x86.Build.0 = Debug|Any CPU
		{32627D81-CF67-44B9-B659-342EA79966A8}.Release|Any CPU.ActiveCfg = Release|Any CPU
		{32627D81-CF67-44B9-B659-342EA79966A8}.Release|Any CPU.Build.0 = Release|Any CPU
		{32627D81-CF67-44B9-B659-342EA79966A8}.Release|x64.ActiveCfg = Release|Any CPU
		{32627D81-CF67-44B9-B659-342EA79966A8}.Release|x64.Build.0 = Release|Any CPU
		{32627D81-CF67-44B9-B659-342EA79966A8}.Release|x86.ActiveCfg = Release|Any CPU
		{32627D81-CF67-44B9-B659-342EA79966A8}.Release|x86.Build.0 = Release|Any CPU
		{7454DAD6-57D7-4B89-AF9F-7365EE3A28FC}.Debug|Any CPU.ActiveCfg = Debug|Any CPU
		{7454DAD6-57D7-4B89-AF9F-7365EE3A28FC}.Debug|Any CPU.Build.0 = Debug|Any CPU
		{7454DAD6-57D7-4B89-AF9F-7365EE3A28FC}.Debug|x64.ActiveCfg = Debug|Any CPU
		{7454DAD6-57D7-4B89-AF9F-7365EE3A28FC}.Debug|x64.Build.0 = Debug|Any CPU
		{7454DAD6-57D7-4B89-AF9F-7365EE3A28FC}.Debug|x86.ActiveCfg = Debug|Any CPU
		{7454DAD6-57D7-4B89-AF9F-7365EE3A28FC}.Debug|x86.Build.0 = Debug|Any CPU
		{7454DAD6-57D7-4B89-AF9F-7365EE3A28FC}.Release|Any CPU.ActiveCfg = Release|Any CPU
		{7454DAD6-57D7-4B89-AF9F-7365EE3A28FC}.Release|Any CPU.Build.0 = Release|Any CPU
		{7454DAD6-57D7-4B89-AF9F-7365EE3A28FC}.Release|x64.ActiveCfg = Release|Any CPU
		{7454DAD6-57D7-4B89-AF9F-7365EE3A28FC}.Release|x64.Build.0 = Release|Any CPU
		{7454DAD6-57D7-4B89-AF9F-7365EE3A28FC}.Release|x86.ActiveCfg = Release|Any CPU
		{7454DAD6-57D7-4B89-AF9F-7365EE3A28FC}.Release|x86.Build.0 = Release|Any CPU
		{566AFF6A-3348-495E-AE06-87934A643C54}.Debug|Any CPU.ActiveCfg = Debug|Any CPU
		{566AFF6A-3348-495E-AE06-87934A643C54}.Debug|Any CPU.Build.0 = Debug|Any CPU
		{566AFF6A-3348-495E-AE06-87934A643C54}.Debug|x64.ActiveCfg = Debug|Any CPU
		{566AFF6A-3348-495E-AE06-87934A643C54}.Debug|x64.Build.0 = Debug|Any CPU
		{566AFF6A-3348-495E-AE06-87934A643C54}.Debug|x86.ActiveCfg = Debug|Any CPU
		{566AFF6A-3348-495E-AE06-87934A643C54}.Debug|x86.Build.0 = Debug|Any CPU
		{566AFF6A-3348-495E-AE06-87934A643C54}.Release|Any CPU.ActiveCfg = Release|Any CPU
		{566AFF6A-3348-495E-AE06-87934A643C54}.Release|Any CPU.Build.0 = Release|Any CPU
		{566AFF6A-3348-495E-AE06-87934A643C54}.Release|x64.ActiveCfg = Release|Any CPU
		{566AFF6A-3348-495E-AE06-87934A643C54}.Release|x64.Build.0 = Release|Any CPU
		{566AFF6A-3348-495E-AE06-87934A643C54}.Release|x86.ActiveCfg = Release|Any CPU
		{566AFF6A-3348-495E-AE06-87934A643C54}.Release|x86.Build.0 = Release|Any CPU
		{B6C1FC06-F651-4B35-8B2E-1F20889ADB99}.Debug|Any CPU.ActiveCfg = Debug|Any CPU
		{B6C1FC06-F651-4B35-8B2E-1F20889ADB99}.Debug|Any CPU.Build.0 = Debug|Any CPU
		{B6C1FC06-F651-4B35-8B2E-1F20889ADB99}.Debug|x64.ActiveCfg = Debug|Any CPU
		{B6C1FC06-F651-4B35-8B2E-1F20889ADB99}.Debug|x64.Build.0 = Debug|Any CPU
		{B6C1FC06-F651-4B35-8B2E-1F20889ADB99}.Debug|x86.ActiveCfg = Debug|Any CPU
		{B6C1FC06-F651-4B35-8B2E-1F20889ADB99}.Debug|x86.Build.0 = Debug|Any CPU
		{B6C1FC06-F651-4B35-8B2E-1F20889ADB99}.Release|Any CPU.ActiveCfg = Release|Any CPU
		{B6C1FC06-F651-4B35-8B2E-1F20889ADB99}.Release|Any CPU.Build.0 = Release|Any CPU
		{B6C1FC06-F651-4B35-8B2E-1F20889ADB99}.Release|x64.ActiveCfg = Release|Any CPU
		{B6C1FC06-F651-4B35-8B2E-1F20889ADB99}.Release|x64.Build.0 = Release|Any CPU
		{B6C1FC06-F651-4B35-8B2E-1F20889ADB99}.Release|x86.ActiveCfg = Release|Any CPU
		{B6C1FC06-F651-4B35-8B2E-1F20889ADB99}.Release|x86.Build.0 = Release|Any CPU
		{97B30EC7-FE9B-4A95-ACA0-6CE44FB020EE}.Debug|Any CPU.ActiveCfg = Debug|Any CPU
		{97B30EC7-FE9B-4A95-ACA0-6CE44FB020EE}.Debug|Any CPU.Build.0 = Debug|Any CPU
		{97B30EC7-FE9B-4A95-ACA0-6CE44FB020EE}.Debug|x64.ActiveCfg = Debug|Any CPU
		{97B30EC7-FE9B-4A95-ACA0-6CE44FB020EE}.Debug|x64.Build.0 = Debug|Any CPU
		{97B30EC7-FE9B-4A95-ACA0-6CE44FB020EE}.Debug|x86.ActiveCfg = Debug|Any CPU
		{97B30EC7-FE9B-4A95-ACA0-6CE44FB020EE}.Debug|x86.Build.0 = Debug|Any CPU
		{97B30EC7-FE9B-4A95-ACA0-6CE44FB020EE}.Release|Any CPU.ActiveCfg = Release|Any CPU
		{97B30EC7-FE9B-4A95-ACA0-6CE44FB020EE}.Release|Any CPU.Build.0 = Release|Any CPU
		{97B30EC7-FE9B-4A95-ACA0-6CE44FB020EE}.Release|x64.ActiveCfg = Release|Any CPU
		{97B30EC7-FE9B-4A95-ACA0-6CE44FB020EE}.Release|x64.Build.0 = Release|Any CPU
		{97B30EC7-FE9B-4A95-ACA0-6CE44FB020EE}.Release|x86.ActiveCfg = Release|Any CPU
		{97B30EC7-FE9B-4A95-ACA0-6CE44FB020EE}.Release|x86.Build.0 = Release|Any CPU
		{FB7457A9-68C4-4837-B207-C9F80A8CA97B}.Debug|Any CPU.ActiveCfg = Debug|Any CPU
		{FB7457A9-68C4-4837-B207-C9F80A8CA97B}.Debug|Any CPU.Build.0 = Debug|Any CPU
		{FB7457A9-68C4-4837-B207-C9F80A8CA97B}.Debug|x64.ActiveCfg = Debug|Any CPU
		{FB7457A9-68C4-4837-B207-C9F80A8CA97B}.Debug|x64.Build.0 = Debug|Any CPU
		{FB7457A9-68C4-4837-B207-C9F80A8CA97B}.Debug|x86.ActiveCfg = Debug|Any CPU
		{FB7457A9-68C4-4837-B207-C9F80A8CA97B}.Debug|x86.Build.0 = Debug|Any CPU
		{FB7457A9-68C4-4837-B207-C9F80A8CA97B}.Release|Any CPU.ActiveCfg = Release|Any CPU
		{FB7457A9-68C4-4837-B207-C9F80A8CA97B}.Release|Any CPU.Build.0 = Release|Any CPU
		{FB7457A9-68C4-4837-B207-C9F80A8CA97B}.Release|x64.ActiveCfg = Release|Any CPU
		{FB7457A9-68C4-4837-B207-C9F80A8CA97B}.Release|x64.Build.0 = Release|Any CPU
		{FB7457A9-68C4-4837-B207-C9F80A8CA97B}.Release|x86.ActiveCfg = Release|Any CPU
		{FB7457A9-68C4-4837-B207-C9F80A8CA97B}.Release|x86.Build.0 = Release|Any CPU
		{AD75B11A-7533-40B2-86DB-DEDD491655B5}.Debug|Any CPU.ActiveCfg = Debug|Any CPU
		{AD75B11A-7533-40B2-86DB-DEDD491655B5}.Debug|Any CPU.Build.0 = Debug|Any CPU
		{AD75B11A-7533-40B2-86DB-DEDD491655B5}.Debug|x64.ActiveCfg = Debug|Any CPU
		{AD75B11A-7533-40B2-86DB-DEDD491655B5}.Debug|x64.Build.0 = Debug|Any CPU
		{AD75B11A-7533-40B2-86DB-DEDD491655B5}.Debug|x86.ActiveCfg = Debug|Any CPU
		{AD75B11A-7533-40B2-86DB-DEDD491655B5}.Debug|x86.Build.0 = Debug|Any CPU
		{AD75B11A-7533-40B2-86DB-DEDD491655B5}.Release|Any CPU.ActiveCfg = Release|Any CPU
		{AD75B11A-7533-40B2-86DB-DEDD491655B5}.Release|Any CPU.Build.0 = Release|Any CPU
		{AD75B11A-7533-40B2-86DB-DEDD491655B5}.Release|x64.ActiveCfg = Release|Any CPU
		{AD75B11A-7533-40B2-86DB-DEDD491655B5}.Release|x64.Build.0 = Release|Any CPU
		{AD75B11A-7533-40B2-86DB-DEDD491655B5}.Release|x86.ActiveCfg = Release|Any CPU
		{AD75B11A-7533-40B2-86DB-DEDD491655B5}.Release|x86.Build.0 = Release|Any CPU
		{47B743BA-406F-4253-9B77-75842E1ABC32}.Debug|Any CPU.ActiveCfg = Debug|Any CPU
		{47B743BA-406F-4253-9B77-75842E1ABC32}.Debug|Any CPU.Build.0 = Debug|Any CPU
		{47B743BA-406F-4253-9B77-75842E1ABC32}.Debug|x64.ActiveCfg = Debug|Any CPU
		{47B743BA-406F-4253-9B77-75842E1ABC32}.Debug|x64.Build.0 = Debug|Any CPU
		{47B743BA-406F-4253-9B77-75842E1ABC32}.Debug|x86.ActiveCfg = Debug|Any CPU
		{47B743BA-406F-4253-9B77-75842E1ABC32}.Debug|x86.Build.0 = Debug|Any CPU
		{47B743BA-406F-4253-9B77-75842E1ABC32}.Release|Any CPU.ActiveCfg = Release|Any CPU
		{47B743BA-406F-4253-9B77-75842E1ABC32}.Release|Any CPU.Build.0 = Release|Any CPU
		{47B743BA-406F-4253-9B77-75842E1ABC32}.Release|x64.ActiveCfg = Release|Any CPU
		{47B743BA-406F-4253-9B77-75842E1ABC32}.Release|x64.Build.0 = Release|Any CPU
		{47B743BA-406F-4253-9B77-75842E1ABC32}.Release|x86.ActiveCfg = Release|Any CPU
		{47B743BA-406F-4253-9B77-75842E1ABC32}.Release|x86.Build.0 = Release|Any CPU
		{77399A4C-18D3-4D0D-AC2B-30BAB7FCCE47}.Debug|Any CPU.ActiveCfg = Debug|Any CPU
		{77399A4C-18D3-4D0D-AC2B-30BAB7FCCE47}.Debug|Any CPU.Build.0 = Debug|Any CPU
		{77399A4C-18D3-4D0D-AC2B-30BAB7FCCE47}.Debug|x64.ActiveCfg = Debug|Any CPU
		{77399A4C-18D3-4D0D-AC2B-30BAB7FCCE47}.Debug|x64.Build.0 = Debug|Any CPU
		{77399A4C-18D3-4D0D-AC2B-30BAB7FCCE47}.Debug|x86.ActiveCfg = Debug|Any CPU
		{77399A4C-18D3-4D0D-AC2B-30BAB7FCCE47}.Debug|x86.Build.0 = Debug|Any CPU
		{77399A4C-18D3-4D0D-AC2B-30BAB7FCCE47}.Release|Any CPU.ActiveCfg = Release|Any CPU
		{77399A4C-18D3-4D0D-AC2B-30BAB7FCCE47}.Release|Any CPU.Build.0 = Release|Any CPU
		{77399A4C-18D3-4D0D-AC2B-30BAB7FCCE47}.Release|x64.ActiveCfg = Release|Any CPU
		{77399A4C-18D3-4D0D-AC2B-30BAB7FCCE47}.Release|x64.Build.0 = Release|Any CPU
		{77399A4C-18D3-4D0D-AC2B-30BAB7FCCE47}.Release|x86.ActiveCfg = Release|Any CPU
		{77399A4C-18D3-4D0D-AC2B-30BAB7FCCE47}.Release|x86.Build.0 = Release|Any CPU
		{8C910B2B-2F75-4973-8F6D-39A00E62E342}.Debug|Any CPU.ActiveCfg = Debug|Any CPU
		{8C910B2B-2F75-4973-8F6D-39A00E62E342}.Debug|Any CPU.Build.0 = Debug|Any CPU
		{8C910B2B-2F75-4973-8F6D-39A00E62E342}.Debug|x64.ActiveCfg = Debug|Any CPU
		{8C910B2B-2F75-4973-8F6D-39A00E62E342}.Debug|x64.Build.0 = Debug|Any CPU
		{8C910B2B-2F75-4973-8F6D-39A00E62E342}.Debug|x86.ActiveCfg = Debug|Any CPU
		{8C910B2B-2F75-4973-8F6D-39A00E62E342}.Debug|x86.Build.0 = Debug|Any CPU
		{8C910B2B-2F75-4973-8F6D-39A00E62E342}.Release|Any CPU.ActiveCfg = Release|Any CPU
		{8C910B2B-2F75-4973-8F6D-39A00E62E342}.Release|Any CPU.Build.0 = Release|Any CPU
		{8C910B2B-2F75-4973-8F6D-39A00E62E342}.Release|x64.ActiveCfg = Release|Any CPU
		{8C910B2B-2F75-4973-8F6D-39A00E62E342}.Release|x64.Build.0 = Release|Any CPU
		{8C910B2B-2F75-4973-8F6D-39A00E62E342}.Release|x86.ActiveCfg = Release|Any CPU
		{8C910B2B-2F75-4973-8F6D-39A00E62E342}.Release|x86.Build.0 = Release|Any CPU
		{E2CE7D75-D47B-4F73-859C-FA096FB24874}.Debug|Any CPU.ActiveCfg = Debug|Any CPU
		{E2CE7D75-D47B-4F73-859C-FA096FB24874}.Debug|Any CPU.Build.0 = Debug|Any CPU
		{E2CE7D75-D47B-4F73-859C-FA096FB24874}.Debug|x64.ActiveCfg = Debug|Any CPU
		{E2CE7D75-D47B-4F73-859C-FA096FB24874}.Debug|x64.Build.0 = Debug|Any CPU
		{E2CE7D75-D47B-4F73-859C-FA096FB24874}.Debug|x86.ActiveCfg = Debug|Any CPU
		{E2CE7D75-D47B-4F73-859C-FA096FB24874}.Debug|x86.Build.0 = Debug|Any CPU
		{E2CE7D75-D47B-4F73-859C-FA096FB24874}.Release|Any CPU.ActiveCfg = Release|Any CPU
		{E2CE7D75-D47B-4F73-859C-FA096FB24874}.Release|Any CPU.Build.0 = Release|Any CPU
		{E2CE7D75-D47B-4F73-859C-FA096FB24874}.Release|x64.ActiveCfg = Release|Any CPU
		{E2CE7D75-D47B-4F73-859C-FA096FB24874}.Release|x64.Build.0 = Release|Any CPU
		{E2CE7D75-D47B-4F73-859C-FA096FB24874}.Release|x86.ActiveCfg = Release|Any CPU
		{E2CE7D75-D47B-4F73-859C-FA096FB24874}.Release|x86.Build.0 = Release|Any CPU
		{20B03FD1-521F-4893-B5E7-9C8E44DDDF73}.Debug|Any CPU.ActiveCfg = Debug|Any CPU
		{20B03FD1-521F-4893-B5E7-9C8E44DDDF73}.Debug|Any CPU.Build.0 = Debug|Any CPU
		{20B03FD1-521F-4893-B5E7-9C8E44DDDF73}.Debug|x64.ActiveCfg = Debug|Any CPU
		{20B03FD1-521F-4893-B5E7-9C8E44DDDF73}.Debug|x64.Build.0 = Debug|Any CPU
		{20B03FD1-521F-4893-B5E7-9C8E44DDDF73}.Debug|x86.ActiveCfg = Debug|Any CPU
		{20B03FD1-521F-4893-B5E7-9C8E44DDDF73}.Debug|x86.Build.0 = Debug|Any CPU
		{20B03FD1-521F-4893-B5E7-9C8E44DDDF73}.Release|Any CPU.ActiveCfg = Release|Any CPU
		{20B03FD1-521F-4893-B5E7-9C8E44DDDF73}.Release|Any CPU.Build.0 = Release|Any CPU
		{20B03FD1-521F-4893-B5E7-9C8E44DDDF73}.Release|x64.ActiveCfg = Release|Any CPU
		{20B03FD1-521F-4893-B5E7-9C8E44DDDF73}.Release|x64.Build.0 = Release|Any CPU
		{20B03FD1-521F-4893-B5E7-9C8E44DDDF73}.Release|x86.ActiveCfg = Release|Any CPU
		{20B03FD1-521F-4893-B5E7-9C8E44DDDF73}.Release|x86.Build.0 = Release|Any CPU
		{FBB9A5CB-60A3-4C01-8400-A7D4A5FDF1DB}.Debug|Any CPU.ActiveCfg = Debug|Any CPU
		{FBB9A5CB-60A3-4C01-8400-A7D4A5FDF1DB}.Debug|Any CPU.Build.0 = Debug|Any CPU
		{FBB9A5CB-60A3-4C01-8400-A7D4A5FDF1DB}.Debug|x64.ActiveCfg = Debug|Any CPU
		{FBB9A5CB-60A3-4C01-8400-A7D4A5FDF1DB}.Debug|x64.Build.0 = Debug|Any CPU
		{FBB9A5CB-60A3-4C01-8400-A7D4A5FDF1DB}.Debug|x86.ActiveCfg = Debug|Any CPU
		{FBB9A5CB-60A3-4C01-8400-A7D4A5FDF1DB}.Debug|x86.Build.0 = Debug|Any CPU
		{FBB9A5CB-60A3-4C01-8400-A7D4A5FDF1DB}.Release|Any CPU.ActiveCfg = Release|Any CPU
		{FBB9A5CB-60A3-4C01-8400-A7D4A5FDF1DB}.Release|Any CPU.Build.0 = Release|Any CPU
		{FBB9A5CB-60A3-4C01-8400-A7D4A5FDF1DB}.Release|x64.ActiveCfg = Release|Any CPU
		{FBB9A5CB-60A3-4C01-8400-A7D4A5FDF1DB}.Release|x64.Build.0 = Release|Any CPU
		{FBB9A5CB-60A3-4C01-8400-A7D4A5FDF1DB}.Release|x86.ActiveCfg = Release|Any CPU
		{FBB9A5CB-60A3-4C01-8400-A7D4A5FDF1DB}.Release|x86.Build.0 = Release|Any CPU
		{0F1C189A-17C0-498C-B67A-C3777FB13684}.Debug|Any CPU.ActiveCfg = Debug|Any CPU
		{0F1C189A-17C0-498C-B67A-C3777FB13684}.Debug|Any CPU.Build.0 = Debug|Any CPU
		{0F1C189A-17C0-498C-B67A-C3777FB13684}.Debug|x64.ActiveCfg = Debug|Any CPU
		{0F1C189A-17C0-498C-B67A-C3777FB13684}.Debug|x64.Build.0 = Debug|Any CPU
		{0F1C189A-17C0-498C-B67A-C3777FB13684}.Debug|x86.ActiveCfg = Debug|Any CPU
		{0F1C189A-17C0-498C-B67A-C3777FB13684}.Debug|x86.Build.0 = Debug|Any CPU
		{0F1C189A-17C0-498C-B67A-C3777FB13684}.Release|Any CPU.ActiveCfg = Release|Any CPU
		{0F1C189A-17C0-498C-B67A-C3777FB13684}.Release|Any CPU.Build.0 = Release|Any CPU
		{0F1C189A-17C0-498C-B67A-C3777FB13684}.Release|x64.ActiveCfg = Release|Any CPU
		{0F1C189A-17C0-498C-B67A-C3777FB13684}.Release|x64.Build.0 = Release|Any CPU
		{0F1C189A-17C0-498C-B67A-C3777FB13684}.Release|x86.ActiveCfg = Release|Any CPU
		{0F1C189A-17C0-498C-B67A-C3777FB13684}.Release|x86.Build.0 = Release|Any CPU
		{38682539-568A-3719-8909-5B3324805543}.Debug|Any CPU.ActiveCfg = Debug|Any CPU
		{38682539-568A-3719-8909-5B3324805543}.Debug|Any CPU.Build.0 = Debug|Any CPU
		{38682539-568A-3719-8909-5B3324805543}.Debug|x64.ActiveCfg = Debug|Any CPU
		{38682539-568A-3719-8909-5B3324805543}.Debug|x64.Build.0 = Debug|Any CPU
		{38682539-568A-3719-8909-5B3324805543}.Debug|x86.ActiveCfg = Debug|Any CPU
		{38682539-568A-3719-8909-5B3324805543}.Debug|x86.Build.0 = Debug|Any CPU
		{38682539-568A-3719-8909-5B3324805543}.Release|Any CPU.ActiveCfg = Release|Any CPU
		{38682539-568A-3719-8909-5B3324805543}.Release|Any CPU.Build.0 = Release|Any CPU
		{38682539-568A-3719-8909-5B3324805543}.Release|x64.ActiveCfg = Release|Any CPU
		{38682539-568A-3719-8909-5B3324805543}.Release|x64.Build.0 = Release|Any CPU
		{38682539-568A-3719-8909-5B3324805543}.Release|x86.ActiveCfg = Release|Any CPU
		{38682539-568A-3719-8909-5B3324805543}.Release|x86.Build.0 = Release|Any CPU
		{D3339B93-9A4E-48EF-AA47-F62D8E8CEF9C}.Debug|Any CPU.ActiveCfg = Debug|Any CPU
		{D3339B93-9A4E-48EF-AA47-F62D8E8CEF9C}.Debug|Any CPU.Build.0 = Debug|Any CPU
		{D3339B93-9A4E-48EF-AA47-F62D8E8CEF9C}.Debug|x64.ActiveCfg = Debug|Any CPU
		{D3339B93-9A4E-48EF-AA47-F62D8E8CEF9C}.Debug|x64.Build.0 = Debug|Any CPU
		{D3339B93-9A4E-48EF-AA47-F62D8E8CEF9C}.Debug|x86.ActiveCfg = Debug|Any CPU
		{D3339B93-9A4E-48EF-AA47-F62D8E8CEF9C}.Debug|x86.Build.0 = Debug|Any CPU
		{D3339B93-9A4E-48EF-AA47-F62D8E8CEF9C}.Release|Any CPU.ActiveCfg = Release|Any CPU
		{D3339B93-9A4E-48EF-AA47-F62D8E8CEF9C}.Release|Any CPU.Build.0 = Release|Any CPU
		{D3339B93-9A4E-48EF-AA47-F62D8E8CEF9C}.Release|x64.ActiveCfg = Release|Any CPU
		{D3339B93-9A4E-48EF-AA47-F62D8E8CEF9C}.Release|x64.Build.0 = Release|Any CPU
		{D3339B93-9A4E-48EF-AA47-F62D8E8CEF9C}.Release|x86.ActiveCfg = Release|Any CPU
		{D3339B93-9A4E-48EF-AA47-F62D8E8CEF9C}.Release|x86.Build.0 = Release|Any CPU
		{33B82821-FF18-4B25-A359-620E3825B6F0}.Debug|Any CPU.ActiveCfg = Debug|Any CPU
		{33B82821-FF18-4B25-A359-620E3825B6F0}.Debug|Any CPU.Build.0 = Debug|Any CPU
		{33B82821-FF18-4B25-A359-620E3825B6F0}.Debug|x64.ActiveCfg = Debug|Any CPU
		{33B82821-FF18-4B25-A359-620E3825B6F0}.Debug|x64.Build.0 = Debug|Any CPU
		{33B82821-FF18-4B25-A359-620E3825B6F0}.Debug|x86.ActiveCfg = Debug|Any CPU
		{33B82821-FF18-4B25-A359-620E3825B6F0}.Debug|x86.Build.0 = Debug|Any CPU
		{33B82821-FF18-4B25-A359-620E3825B6F0}.Release|Any CPU.ActiveCfg = Release|Any CPU
		{33B82821-FF18-4B25-A359-620E3825B6F0}.Release|Any CPU.Build.0 = Release|Any CPU
		{33B82821-FF18-4B25-A359-620E3825B6F0}.Release|x64.ActiveCfg = Release|Any CPU
		{33B82821-FF18-4B25-A359-620E3825B6F0}.Release|x64.Build.0 = Release|Any CPU
		{33B82821-FF18-4B25-A359-620E3825B6F0}.Release|x86.ActiveCfg = Release|Any CPU
		{33B82821-FF18-4B25-A359-620E3825B6F0}.Release|x86.Build.0 = Release|Any CPU
		{520B3BF2-8ACA-401F-9DBB-D3C002C66DB6}.Debug|Any CPU.ActiveCfg = Debug|Any CPU
		{520B3BF2-8ACA-401F-9DBB-D3C002C66DB6}.Debug|Any CPU.Build.0 = Debug|Any CPU
		{520B3BF2-8ACA-401F-9DBB-D3C002C66DB6}.Debug|x64.ActiveCfg = Debug|Any CPU
		{520B3BF2-8ACA-401F-9DBB-D3C002C66DB6}.Debug|x64.Build.0 = Debug|Any CPU
		{520B3BF2-8ACA-401F-9DBB-D3C002C66DB6}.Debug|x86.ActiveCfg = Debug|Any CPU
		{520B3BF2-8ACA-401F-9DBB-D3C002C66DB6}.Debug|x86.Build.0 = Debug|Any CPU
		{520B3BF2-8ACA-401F-9DBB-D3C002C66DB6}.Release|Any CPU.ActiveCfg = Release|Any CPU
		{520B3BF2-8ACA-401F-9DBB-D3C002C66DB6}.Release|Any CPU.Build.0 = Release|Any CPU
		{520B3BF2-8ACA-401F-9DBB-D3C002C66DB6}.Release|x64.ActiveCfg = Release|Any CPU
		{520B3BF2-8ACA-401F-9DBB-D3C002C66DB6}.Release|x64.Build.0 = Release|Any CPU
		{520B3BF2-8ACA-401F-9DBB-D3C002C66DB6}.Release|x86.ActiveCfg = Release|Any CPU
		{520B3BF2-8ACA-401F-9DBB-D3C002C66DB6}.Release|x86.Build.0 = Release|Any CPU
		{F167B4A7-20A9-4B12-85D0-1FC09F984D67}.Debug|Any CPU.ActiveCfg = Debug|Any CPU
		{F167B4A7-20A9-4B12-85D0-1FC09F984D67}.Debug|Any CPU.Build.0 = Debug|Any CPU
		{F167B4A7-20A9-4B12-85D0-1FC09F984D67}.Debug|x64.ActiveCfg = Debug|Any CPU
		{F167B4A7-20A9-4B12-85D0-1FC09F984D67}.Debug|x64.Build.0 = Debug|Any CPU
		{F167B4A7-20A9-4B12-85D0-1FC09F984D67}.Debug|x86.ActiveCfg = Debug|Any CPU
		{F167B4A7-20A9-4B12-85D0-1FC09F984D67}.Debug|x86.Build.0 = Debug|Any CPU
		{F167B4A7-20A9-4B12-85D0-1FC09F984D67}.Release|Any CPU.ActiveCfg = Release|Any CPU
		{F167B4A7-20A9-4B12-85D0-1FC09F984D67}.Release|Any CPU.Build.0 = Release|Any CPU
		{F167B4A7-20A9-4B12-85D0-1FC09F984D67}.Release|x64.ActiveCfg = Release|Any CPU
		{F167B4A7-20A9-4B12-85D0-1FC09F984D67}.Release|x64.Build.0 = Release|Any CPU
		{F167B4A7-20A9-4B12-85D0-1FC09F984D67}.Release|x86.ActiveCfg = Release|Any CPU
		{F167B4A7-20A9-4B12-85D0-1FC09F984D67}.Release|x86.Build.0 = Release|Any CPU
		{81F08E08-4D19-B8F3-ED88-DF1849F60E13}.Debug|Any CPU.ActiveCfg = Debug|Any CPU
		{81F08E08-4D19-B8F3-ED88-DF1849F60E13}.Debug|Any CPU.Build.0 = Debug|Any CPU
		{81F08E08-4D19-B8F3-ED88-DF1849F60E13}.Debug|x64.ActiveCfg = Debug|Any CPU
		{81F08E08-4D19-B8F3-ED88-DF1849F60E13}.Debug|x64.Build.0 = Debug|Any CPU
		{81F08E08-4D19-B8F3-ED88-DF1849F60E13}.Debug|x86.ActiveCfg = Debug|Any CPU
		{81F08E08-4D19-B8F3-ED88-DF1849F60E13}.Debug|x86.Build.0 = Debug|Any CPU
		{81F08E08-4D19-B8F3-ED88-DF1849F60E13}.Release|Any CPU.ActiveCfg = Release|Any CPU
		{81F08E08-4D19-B8F3-ED88-DF1849F60E13}.Release|Any CPU.Build.0 = Release|Any CPU
		{81F08E08-4D19-B8F3-ED88-DF1849F60E13}.Release|x64.ActiveCfg = Release|Any CPU
		{81F08E08-4D19-B8F3-ED88-DF1849F60E13}.Release|x64.Build.0 = Release|Any CPU
		{81F08E08-4D19-B8F3-ED88-DF1849F60E13}.Release|x86.ActiveCfg = Release|Any CPU
		{81F08E08-4D19-B8F3-ED88-DF1849F60E13}.Release|x86.Build.0 = Release|Any CPU
		{C58D4ED3-BA80-41BF-9BE4-7A16B1449710}.Debug|Any CPU.ActiveCfg = Debug|Any CPU
		{C58D4ED3-BA80-41BF-9BE4-7A16B1449710}.Debug|Any CPU.Build.0 = Debug|Any CPU
		{C58D4ED3-BA80-41BF-9BE4-7A16B1449710}.Debug|x64.ActiveCfg = Debug|Any CPU
		{C58D4ED3-BA80-41BF-9BE4-7A16B1449710}.Debug|x64.Build.0 = Debug|Any CPU
		{C58D4ED3-BA80-41BF-9BE4-7A16B1449710}.Debug|x86.ActiveCfg = Debug|Any CPU
		{C58D4ED3-BA80-41BF-9BE4-7A16B1449710}.Debug|x86.Build.0 = Debug|Any CPU
		{C58D4ED3-BA80-41BF-9BE4-7A16B1449710}.Release|Any CPU.ActiveCfg = Release|Any CPU
		{C58D4ED3-BA80-41BF-9BE4-7A16B1449710}.Release|Any CPU.Build.0 = Release|Any CPU
		{C58D4ED3-BA80-41BF-9BE4-7A16B1449710}.Release|x64.ActiveCfg = Release|Any CPU
		{C58D4ED3-BA80-41BF-9BE4-7A16B1449710}.Release|x64.Build.0 = Release|Any CPU
		{C58D4ED3-BA80-41BF-9BE4-7A16B1449710}.Release|x86.ActiveCfg = Release|Any CPU
		{C58D4ED3-BA80-41BF-9BE4-7A16B1449710}.Release|x86.Build.0 = Release|Any CPU
		{00BB86B3-D096-489F-962C-8B41711EE054}.Debug|Any CPU.ActiveCfg = Debug|Any CPU
		{00BB86B3-D096-489F-962C-8B41711EE054}.Debug|Any CPU.Build.0 = Debug|Any CPU
		{00BB86B3-D096-489F-962C-8B41711EE054}.Debug|x64.ActiveCfg = Debug|Any CPU
		{00BB86B3-D096-489F-962C-8B41711EE054}.Debug|x64.Build.0 = Debug|Any CPU
		{00BB86B3-D096-489F-962C-8B41711EE054}.Debug|x86.ActiveCfg = Debug|Any CPU
		{00BB86B3-D096-489F-962C-8B41711EE054}.Debug|x86.Build.0 = Debug|Any CPU
		{00BB86B3-D096-489F-962C-8B41711EE054}.Release|Any CPU.ActiveCfg = Release|Any CPU
		{00BB86B3-D096-489F-962C-8B41711EE054}.Release|Any CPU.Build.0 = Release|Any CPU
		{00BB86B3-D096-489F-962C-8B41711EE054}.Release|x64.ActiveCfg = Release|Any CPU
		{00BB86B3-D096-489F-962C-8B41711EE054}.Release|x64.Build.0 = Release|Any CPU
		{00BB86B3-D096-489F-962C-8B41711EE054}.Release|x86.ActiveCfg = Release|Any CPU
		{00BB86B3-D096-489F-962C-8B41711EE054}.Release|x86.Build.0 = Release|Any CPU
		{805FDE96-7045-22B9-E11D-A78575AD706B}.Debug|Any CPU.ActiveCfg = Debug|Any CPU
		{805FDE96-7045-22B9-E11D-A78575AD706B}.Debug|Any CPU.Build.0 = Debug|Any CPU
		{805FDE96-7045-22B9-E11D-A78575AD706B}.Debug|x64.ActiveCfg = Debug|Any CPU
		{805FDE96-7045-22B9-E11D-A78575AD706B}.Debug|x64.Build.0 = Debug|Any CPU
		{805FDE96-7045-22B9-E11D-A78575AD706B}.Debug|x86.ActiveCfg = Debug|Any CPU
		{805FDE96-7045-22B9-E11D-A78575AD706B}.Debug|x86.Build.0 = Debug|Any CPU
		{805FDE96-7045-22B9-E11D-A78575AD706B}.Release|Any CPU.ActiveCfg = Release|Any CPU
		{805FDE96-7045-22B9-E11D-A78575AD706B}.Release|Any CPU.Build.0 = Release|Any CPU
		{805FDE96-7045-22B9-E11D-A78575AD706B}.Release|x64.ActiveCfg = Release|Any CPU
		{805FDE96-7045-22B9-E11D-A78575AD706B}.Release|x64.Build.0 = Release|Any CPU
		{805FDE96-7045-22B9-E11D-A78575AD706B}.Release|x86.ActiveCfg = Release|Any CPU
		{805FDE96-7045-22B9-E11D-A78575AD706B}.Release|x86.Build.0 = Release|Any CPU
		{6E7F8A04-3677-42F3-9688-B014619623C4}.Debug|Any CPU.ActiveCfg = Debug|Any CPU
		{6E7F8A04-3677-42F3-9688-B014619623C4}.Debug|Any CPU.Build.0 = Debug|Any CPU
		{6E7F8A04-3677-42F3-9688-B014619623C4}.Debug|x64.ActiveCfg = Debug|Any CPU
		{6E7F8A04-3677-42F3-9688-B014619623C4}.Debug|x64.Build.0 = Debug|Any CPU
		{6E7F8A04-3677-42F3-9688-B014619623C4}.Debug|x86.ActiveCfg = Debug|Any CPU
		{6E7F8A04-3677-42F3-9688-B014619623C4}.Debug|x86.Build.0 = Debug|Any CPU
		{6E7F8A04-3677-42F3-9688-B014619623C4}.Release|Any CPU.ActiveCfg = Release|Any CPU
		{6E7F8A04-3677-42F3-9688-B014619623C4}.Release|Any CPU.Build.0 = Release|Any CPU
		{6E7F8A04-3677-42F3-9688-B014619623C4}.Release|x64.ActiveCfg = Release|Any CPU
		{6E7F8A04-3677-42F3-9688-B014619623C4}.Release|x64.Build.0 = Release|Any CPU
		{6E7F8A04-3677-42F3-9688-B014619623C4}.Release|x86.ActiveCfg = Release|Any CPU
		{6E7F8A04-3677-42F3-9688-B014619623C4}.Release|x86.Build.0 = Release|Any CPU
		{06947FFC-23C1-427E-AC0A-5F45436E9421}.Debug|Any CPU.ActiveCfg = Debug|Any CPU
		{06947FFC-23C1-427E-AC0A-5F45436E9421}.Debug|Any CPU.Build.0 = Debug|Any CPU
		{06947FFC-23C1-427E-AC0A-5F45436E9421}.Debug|x64.ActiveCfg = Debug|Any CPU
		{06947FFC-23C1-427E-AC0A-5F45436E9421}.Debug|x64.Build.0 = Debug|Any CPU
		{06947FFC-23C1-427E-AC0A-5F45436E9421}.Debug|x86.ActiveCfg = Debug|Any CPU
		{06947FFC-23C1-427E-AC0A-5F45436E9421}.Debug|x86.Build.0 = Debug|Any CPU
		{06947FFC-23C1-427E-AC0A-5F45436E9421}.Release|Any CPU.ActiveCfg = Release|Any CPU
		{06947FFC-23C1-427E-AC0A-5F45436E9421}.Release|Any CPU.Build.0 = Release|Any CPU
		{06947FFC-23C1-427E-AC0A-5F45436E9421}.Release|x64.ActiveCfg = Release|Any CPU
		{06947FFC-23C1-427E-AC0A-5F45436E9421}.Release|x64.Build.0 = Release|Any CPU
		{06947FFC-23C1-427E-AC0A-5F45436E9421}.Release|x86.ActiveCfg = Release|Any CPU
		{06947FFC-23C1-427E-AC0A-5F45436E9421}.Release|x86.Build.0 = Release|Any CPU
		{B6670DF3-1E0E-4B0A-822E-796326EFA124}.Debug|Any CPU.ActiveCfg = Debug|Any CPU
		{B6670DF3-1E0E-4B0A-822E-796326EFA124}.Debug|Any CPU.Build.0 = Debug|Any CPU
		{B6670DF3-1E0E-4B0A-822E-796326EFA124}.Debug|x64.ActiveCfg = Debug|Any CPU
		{B6670DF3-1E0E-4B0A-822E-796326EFA124}.Debug|x64.Build.0 = Debug|Any CPU
		{B6670DF3-1E0E-4B0A-822E-796326EFA124}.Debug|x86.ActiveCfg = Debug|Any CPU
		{B6670DF3-1E0E-4B0A-822E-796326EFA124}.Debug|x86.Build.0 = Debug|Any CPU
		{B6670DF3-1E0E-4B0A-822E-796326EFA124}.Release|Any CPU.ActiveCfg = Release|Any CPU
		{B6670DF3-1E0E-4B0A-822E-796326EFA124}.Release|Any CPU.Build.0 = Release|Any CPU
		{B6670DF3-1E0E-4B0A-822E-796326EFA124}.Release|x64.ActiveCfg = Release|Any CPU
		{B6670DF3-1E0E-4B0A-822E-796326EFA124}.Release|x64.Build.0 = Release|Any CPU
		{B6670DF3-1E0E-4B0A-822E-796326EFA124}.Release|x86.ActiveCfg = Release|Any CPU
		{B6670DF3-1E0E-4B0A-822E-796326EFA124}.Release|x86.Build.0 = Release|Any CPU
		{B510B834-2C93-B650-5B7C-ACC6E9DCBA2E}.Debug|Any CPU.ActiveCfg = Debug|Any CPU
		{B510B834-2C93-B650-5B7C-ACC6E9DCBA2E}.Debug|Any CPU.Build.0 = Debug|Any CPU
		{B510B834-2C93-B650-5B7C-ACC6E9DCBA2E}.Debug|x64.ActiveCfg = Debug|Any CPU
		{B510B834-2C93-B650-5B7C-ACC6E9DCBA2E}.Debug|x64.Build.0 = Debug|Any CPU
		{B510B834-2C93-B650-5B7C-ACC6E9DCBA2E}.Debug|x86.ActiveCfg = Debug|Any CPU
		{B510B834-2C93-B650-5B7C-ACC6E9DCBA2E}.Debug|x86.Build.0 = Debug|Any CPU
		{B510B834-2C93-B650-5B7C-ACC6E9DCBA2E}.Release|Any CPU.ActiveCfg = Release|Any CPU
		{B510B834-2C93-B650-5B7C-ACC6E9DCBA2E}.Release|Any CPU.Build.0 = Release|Any CPU
		{B510B834-2C93-B650-5B7C-ACC6E9DCBA2E}.Release|x64.ActiveCfg = Release|Any CPU
		{B510B834-2C93-B650-5B7C-ACC6E9DCBA2E}.Release|x64.Build.0 = Release|Any CPU
		{B510B834-2C93-B650-5B7C-ACC6E9DCBA2E}.Release|x86.ActiveCfg = Release|Any CPU
		{B510B834-2C93-B650-5B7C-ACC6E9DCBA2E}.Release|x86.Build.0 = Release|Any CPU
		{E75DE544-F3B7-43F6-9659-DF78FB6CF12B}.Debug|Any CPU.ActiveCfg = Debug|Any CPU
		{E75DE544-F3B7-43F6-9659-DF78FB6CF12B}.Debug|Any CPU.Build.0 = Debug|Any CPU
		{E75DE544-F3B7-43F6-9659-DF78FB6CF12B}.Debug|x64.ActiveCfg = Debug|Any CPU
		{E75DE544-F3B7-43F6-9659-DF78FB6CF12B}.Debug|x64.Build.0 = Debug|Any CPU
		{E75DE544-F3B7-43F6-9659-DF78FB6CF12B}.Debug|x86.ActiveCfg = Debug|Any CPU
		{E75DE544-F3B7-43F6-9659-DF78FB6CF12B}.Debug|x86.Build.0 = Debug|Any CPU
		{E75DE544-F3B7-43F6-9659-DF78FB6CF12B}.Release|Any CPU.ActiveCfg = Release|Any CPU
		{E75DE544-F3B7-43F6-9659-DF78FB6CF12B}.Release|Any CPU.Build.0 = Release|Any CPU
		{E75DE544-F3B7-43F6-9659-DF78FB6CF12B}.Release|x64.ActiveCfg = Release|Any CPU
		{E75DE544-F3B7-43F6-9659-DF78FB6CF12B}.Release|x64.Build.0 = Release|Any CPU
		{E75DE544-F3B7-43F6-9659-DF78FB6CF12B}.Release|x86.ActiveCfg = Release|Any CPU
		{E75DE544-F3B7-43F6-9659-DF78FB6CF12B}.Release|x86.Build.0 = Release|Any CPU
		{DAAA2492-F056-4EF7-90DF-297123DEDF50}.Debug|Any CPU.ActiveCfg = Debug|Any CPU
		{DAAA2492-F056-4EF7-90DF-297123DEDF50}.Debug|Any CPU.Build.0 = Debug|Any CPU
		{DAAA2492-F056-4EF7-90DF-297123DEDF50}.Debug|x64.ActiveCfg = Debug|Any CPU
		{DAAA2492-F056-4EF7-90DF-297123DEDF50}.Debug|x64.Build.0 = Debug|Any CPU
		{DAAA2492-F056-4EF7-90DF-297123DEDF50}.Debug|x86.ActiveCfg = Debug|Any CPU
		{DAAA2492-F056-4EF7-90DF-297123DEDF50}.Debug|x86.Build.0 = Debug|Any CPU
		{DAAA2492-F056-4EF7-90DF-297123DEDF50}.Release|Any CPU.ActiveCfg = Release|Any CPU
		{DAAA2492-F056-4EF7-90DF-297123DEDF50}.Release|Any CPU.Build.0 = Release|Any CPU
		{DAAA2492-F056-4EF7-90DF-297123DEDF50}.Release|x64.ActiveCfg = Release|Any CPU
		{DAAA2492-F056-4EF7-90DF-297123DEDF50}.Release|x64.Build.0 = Release|Any CPU
		{DAAA2492-F056-4EF7-90DF-297123DEDF50}.Release|x86.ActiveCfg = Release|Any CPU
		{DAAA2492-F056-4EF7-90DF-297123DEDF50}.Release|x86.Build.0 = Release|Any CPU
		{093582DC-B111-4E22-9A82-AD72781BDA48}.Debug|Any CPU.ActiveCfg = Debug|Any CPU
		{093582DC-B111-4E22-9A82-AD72781BDA48}.Debug|Any CPU.Build.0 = Debug|Any CPU
		{093582DC-B111-4E22-9A82-AD72781BDA48}.Debug|x64.ActiveCfg = Debug|Any CPU
		{093582DC-B111-4E22-9A82-AD72781BDA48}.Debug|x64.Build.0 = Debug|Any CPU
		{093582DC-B111-4E22-9A82-AD72781BDA48}.Debug|x86.ActiveCfg = Debug|Any CPU
		{093582DC-B111-4E22-9A82-AD72781BDA48}.Debug|x86.Build.0 = Debug|Any CPU
		{093582DC-B111-4E22-9A82-AD72781BDA48}.Release|Any CPU.ActiveCfg = Release|Any CPU
		{093582DC-B111-4E22-9A82-AD72781BDA48}.Release|Any CPU.Build.0 = Release|Any CPU
		{093582DC-B111-4E22-9A82-AD72781BDA48}.Release|x64.ActiveCfg = Release|Any CPU
		{093582DC-B111-4E22-9A82-AD72781BDA48}.Release|x64.Build.0 = Release|Any CPU
		{093582DC-B111-4E22-9A82-AD72781BDA48}.Release|x86.ActiveCfg = Release|Any CPU
		{093582DC-B111-4E22-9A82-AD72781BDA48}.Release|x86.Build.0 = Release|Any CPU
		{0D6F17C2-3364-40F1-9604-8B4A9622A9BA}.Debug|Any CPU.ActiveCfg = Debug|Any CPU
		{0D6F17C2-3364-40F1-9604-8B4A9622A9BA}.Debug|Any CPU.Build.0 = Debug|Any CPU
		{0D6F17C2-3364-40F1-9604-8B4A9622A9BA}.Debug|x64.ActiveCfg = Debug|Any CPU
		{0D6F17C2-3364-40F1-9604-8B4A9622A9BA}.Debug|x64.Build.0 = Debug|Any CPU
		{0D6F17C2-3364-40F1-9604-8B4A9622A9BA}.Debug|x86.ActiveCfg = Debug|Any CPU
		{0D6F17C2-3364-40F1-9604-8B4A9622A9BA}.Debug|x86.Build.0 = Debug|Any CPU
		{0D6F17C2-3364-40F1-9604-8B4A9622A9BA}.Release|Any CPU.ActiveCfg = Release|Any CPU
		{0D6F17C2-3364-40F1-9604-8B4A9622A9BA}.Release|Any CPU.Build.0 = Release|Any CPU
		{0D6F17C2-3364-40F1-9604-8B4A9622A9BA}.Release|x64.ActiveCfg = Release|Any CPU
		{0D6F17C2-3364-40F1-9604-8B4A9622A9BA}.Release|x64.Build.0 = Release|Any CPU
		{0D6F17C2-3364-40F1-9604-8B4A9622A9BA}.Release|x86.ActiveCfg = Release|Any CPU
		{0D6F17C2-3364-40F1-9604-8B4A9622A9BA}.Release|x86.Build.0 = Release|Any CPU
		{CD442A07-18BC-1242-BF29-AE659E46A452}.Debug|Any CPU.ActiveCfg = Debug|Any CPU
		{CD442A07-18BC-1242-BF29-AE659E46A452}.Debug|Any CPU.Build.0 = Debug|Any CPU
		{CD442A07-18BC-1242-BF29-AE659E46A452}.Debug|x64.ActiveCfg = Debug|Any CPU
		{CD442A07-18BC-1242-BF29-AE659E46A452}.Debug|x64.Build.0 = Debug|Any CPU
		{CD442A07-18BC-1242-BF29-AE659E46A452}.Debug|x86.ActiveCfg = Debug|Any CPU
		{CD442A07-18BC-1242-BF29-AE659E46A452}.Debug|x86.Build.0 = Debug|Any CPU
		{CD442A07-18BC-1242-BF29-AE659E46A452}.Release|Any CPU.ActiveCfg = Release|Any CPU
		{CD442A07-18BC-1242-BF29-AE659E46A452}.Release|Any CPU.Build.0 = Release|Any CPU
		{CD442A07-18BC-1242-BF29-AE659E46A452}.Release|x64.ActiveCfg = Release|Any CPU
		{CD442A07-18BC-1242-BF29-AE659E46A452}.Release|x64.Build.0 = Release|Any CPU
		{CD442A07-18BC-1242-BF29-AE659E46A452}.Release|x86.ActiveCfg = Release|Any CPU
		{CD442A07-18BC-1242-BF29-AE659E46A452}.Release|x86.Build.0 = Release|Any CPU
		{9C84E2C0-2341-278D-FF49-56010E1C12A0}.Debug|Any CPU.ActiveCfg = Debug|Any CPU
		{9C84E2C0-2341-278D-FF49-56010E1C12A0}.Debug|Any CPU.Build.0 = Debug|Any CPU
		{9C84E2C0-2341-278D-FF49-56010E1C12A0}.Debug|x64.ActiveCfg = Debug|Any CPU
		{9C84E2C0-2341-278D-FF49-56010E1C12A0}.Debug|x64.Build.0 = Debug|Any CPU
		{9C84E2C0-2341-278D-FF49-56010E1C12A0}.Debug|x86.ActiveCfg = Debug|Any CPU
		{9C84E2C0-2341-278D-FF49-56010E1C12A0}.Debug|x86.Build.0 = Debug|Any CPU
		{9C84E2C0-2341-278D-FF49-56010E1C12A0}.Release|Any CPU.ActiveCfg = Release|Any CPU
		{9C84E2C0-2341-278D-FF49-56010E1C12A0}.Release|Any CPU.Build.0 = Release|Any CPU
		{9C84E2C0-2341-278D-FF49-56010E1C12A0}.Release|x64.ActiveCfg = Release|Any CPU
		{9C84E2C0-2341-278D-FF49-56010E1C12A0}.Release|x64.Build.0 = Release|Any CPU
		{9C84E2C0-2341-278D-FF49-56010E1C12A0}.Release|x86.ActiveCfg = Release|Any CPU
		{9C84E2C0-2341-278D-FF49-56010E1C12A0}.Release|x86.Build.0 = Release|Any CPU
		{3976F328-36F5-4F3C-8112-61A19D1255D3}.Debug|Any CPU.ActiveCfg = Debug|Any CPU
		{3976F328-36F5-4F3C-8112-61A19D1255D3}.Debug|Any CPU.Build.0 = Debug|Any CPU
		{3976F328-36F5-4F3C-8112-61A19D1255D3}.Debug|x64.ActiveCfg = Debug|Any CPU
		{3976F328-36F5-4F3C-8112-61A19D1255D3}.Debug|x64.Build.0 = Debug|Any CPU
		{3976F328-36F5-4F3C-8112-61A19D1255D3}.Debug|x86.ActiveCfg = Debug|Any CPU
		{3976F328-36F5-4F3C-8112-61A19D1255D3}.Debug|x86.Build.0 = Debug|Any CPU
		{3976F328-36F5-4F3C-8112-61A19D1255D3}.Release|Any CPU.ActiveCfg = Release|Any CPU
		{3976F328-36F5-4F3C-8112-61A19D1255D3}.Release|Any CPU.Build.0 = Release|Any CPU
		{3976F328-36F5-4F3C-8112-61A19D1255D3}.Release|x64.ActiveCfg = Release|Any CPU
		{3976F328-36F5-4F3C-8112-61A19D1255D3}.Release|x64.Build.0 = Release|Any CPU
		{3976F328-36F5-4F3C-8112-61A19D1255D3}.Release|x86.ActiveCfg = Release|Any CPU
		{3976F328-36F5-4F3C-8112-61A19D1255D3}.Release|x86.Build.0 = Release|Any CPU
		{EE161405-1234-43E0-AECC-6DE787112C75}.Debug|Any CPU.ActiveCfg = Debug|Any CPU
		{EE161405-1234-43E0-AECC-6DE787112C75}.Debug|Any CPU.Build.0 = Debug|Any CPU
		{EE161405-1234-43E0-AECC-6DE787112C75}.Debug|x64.ActiveCfg = Debug|Any CPU
		{EE161405-1234-43E0-AECC-6DE787112C75}.Debug|x64.Build.0 = Debug|Any CPU
		{EE161405-1234-43E0-AECC-6DE787112C75}.Debug|x86.ActiveCfg = Debug|Any CPU
		{EE161405-1234-43E0-AECC-6DE787112C75}.Debug|x86.Build.0 = Debug|Any CPU
		{EE161405-1234-43E0-AECC-6DE787112C75}.Release|Any CPU.ActiveCfg = Release|Any CPU
		{EE161405-1234-43E0-AECC-6DE787112C75}.Release|Any CPU.Build.0 = Release|Any CPU
		{EE161405-1234-43E0-AECC-6DE787112C75}.Release|x64.ActiveCfg = Release|Any CPU
		{EE161405-1234-43E0-AECC-6DE787112C75}.Release|x64.Build.0 = Release|Any CPU
		{EE161405-1234-43E0-AECC-6DE787112C75}.Release|x86.ActiveCfg = Release|Any CPU
		{EE161405-1234-43E0-AECC-6DE787112C75}.Release|x86.Build.0 = Release|Any CPU
		{A1DC74B8-F634-2B95-E1FD-25C94050A0AF}.Debug|Any CPU.ActiveCfg = Debug|Any CPU
		{A1DC74B8-F634-2B95-E1FD-25C94050A0AF}.Debug|Any CPU.Build.0 = Debug|Any CPU
		{A1DC74B8-F634-2B95-E1FD-25C94050A0AF}.Debug|x64.ActiveCfg = Debug|Any CPU
		{A1DC74B8-F634-2B95-E1FD-25C94050A0AF}.Debug|x64.Build.0 = Debug|Any CPU
		{A1DC74B8-F634-2B95-E1FD-25C94050A0AF}.Debug|x86.ActiveCfg = Debug|Any CPU
		{A1DC74B8-F634-2B95-E1FD-25C94050A0AF}.Debug|x86.Build.0 = Debug|Any CPU
		{A1DC74B8-F634-2B95-E1FD-25C94050A0AF}.Release|Any CPU.ActiveCfg = Release|Any CPU
		{A1DC74B8-F634-2B95-E1FD-25C94050A0AF}.Release|Any CPU.Build.0 = Release|Any CPU
		{A1DC74B8-F634-2B95-E1FD-25C94050A0AF}.Release|x64.ActiveCfg = Release|Any CPU
		{A1DC74B8-F634-2B95-E1FD-25C94050A0AF}.Release|x64.Build.0 = Release|Any CPU
		{A1DC74B8-F634-2B95-E1FD-25C94050A0AF}.Release|x86.ActiveCfg = Release|Any CPU
		{A1DC74B8-F634-2B95-E1FD-25C94050A0AF}.Release|x86.Build.0 = Release|Any CPU
		{5E667C18-9E0D-5982-8ED8-6F9F5D911883}.Debug|Any CPU.ActiveCfg = Debug|Any CPU
		{5E667C18-9E0D-5982-8ED8-6F9F5D911883}.Debug|Any CPU.Build.0 = Debug|Any CPU
		{5E667C18-9E0D-5982-8ED8-6F9F5D911883}.Debug|x64.ActiveCfg = Debug|Any CPU
		{5E667C18-9E0D-5982-8ED8-6F9F5D911883}.Debug|x64.Build.0 = Debug|Any CPU
		{5E667C18-9E0D-5982-8ED8-6F9F5D911883}.Debug|x86.ActiveCfg = Debug|Any CPU
		{5E667C18-9E0D-5982-8ED8-6F9F5D911883}.Debug|x86.Build.0 = Debug|Any CPU
		{5E667C18-9E0D-5982-8ED8-6F9F5D911883}.Release|Any CPU.ActiveCfg = Release|Any CPU
		{5E667C18-9E0D-5982-8ED8-6F9F5D911883}.Release|Any CPU.Build.0 = Release|Any CPU
		{5E667C18-9E0D-5982-8ED8-6F9F5D911883}.Release|x64.ActiveCfg = Release|Any CPU
		{5E667C18-9E0D-5982-8ED8-6F9F5D911883}.Release|x64.Build.0 = Release|Any CPU
		{5E667C18-9E0D-5982-8ED8-6F9F5D911883}.Release|x86.ActiveCfg = Release|Any CPU
		{5E667C18-9E0D-5982-8ED8-6F9F5D911883}.Release|x86.Build.0 = Release|Any CPU
		{0E9D6269-26FC-4FB4-92CF-0A4EE797314B}.Debug|Any CPU.ActiveCfg = Debug|Any CPU
		{0E9D6269-26FC-4FB4-92CF-0A4EE797314B}.Debug|Any CPU.Build.0 = Debug|Any CPU
		{0E9D6269-26FC-4FB4-92CF-0A4EE797314B}.Debug|x64.ActiveCfg = Debug|Any CPU
		{0E9D6269-26FC-4FB4-92CF-0A4EE797314B}.Debug|x64.Build.0 = Debug|Any CPU
		{0E9D6269-26FC-4FB4-92CF-0A4EE797314B}.Debug|x86.ActiveCfg = Debug|Any CPU
		{0E9D6269-26FC-4FB4-92CF-0A4EE797314B}.Debug|x86.Build.0 = Debug|Any CPU
		{0E9D6269-26FC-4FB4-92CF-0A4EE797314B}.Release|Any CPU.ActiveCfg = Release|Any CPU
		{0E9D6269-26FC-4FB4-92CF-0A4EE797314B}.Release|Any CPU.Build.0 = Release|Any CPU
		{0E9D6269-26FC-4FB4-92CF-0A4EE797314B}.Release|x64.ActiveCfg = Release|Any CPU
		{0E9D6269-26FC-4FB4-92CF-0A4EE797314B}.Release|x64.Build.0 = Release|Any CPU
		{0E9D6269-26FC-4FB4-92CF-0A4EE797314B}.Release|x86.ActiveCfg = Release|Any CPU
		{0E9D6269-26FC-4FB4-92CF-0A4EE797314B}.Release|x86.Build.0 = Release|Any CPU
		{75BF675C-D456-2EC7-5F19-FE350130AEA1}.Debug|Any CPU.ActiveCfg = Debug|Any CPU
		{75BF675C-D456-2EC7-5F19-FE350130AEA1}.Debug|Any CPU.Build.0 = Debug|Any CPU
		{75BF675C-D456-2EC7-5F19-FE350130AEA1}.Debug|x64.ActiveCfg = Debug|Any CPU
		{75BF675C-D456-2EC7-5F19-FE350130AEA1}.Debug|x64.Build.0 = Debug|Any CPU
		{75BF675C-D456-2EC7-5F19-FE350130AEA1}.Debug|x86.ActiveCfg = Debug|Any CPU
		{75BF675C-D456-2EC7-5F19-FE350130AEA1}.Debug|x86.Build.0 = Debug|Any CPU
		{75BF675C-D456-2EC7-5F19-FE350130AEA1}.Release|Any CPU.ActiveCfg = Release|Any CPU
		{75BF675C-D456-2EC7-5F19-FE350130AEA1}.Release|Any CPU.Build.0 = Release|Any CPU
		{75BF675C-D456-2EC7-5F19-FE350130AEA1}.Release|x64.ActiveCfg = Release|Any CPU
		{75BF675C-D456-2EC7-5F19-FE350130AEA1}.Release|x64.Build.0 = Release|Any CPU
		{75BF675C-D456-2EC7-5F19-FE350130AEA1}.Release|x86.ActiveCfg = Release|Any CPU
		{75BF675C-D456-2EC7-5F19-FE350130AEA1}.Release|x86.Build.0 = Release|Any CPU
		{D7F5DE3A-3E49-4EE9-9A3F-E6D0247375C6}.Debug|Any CPU.ActiveCfg = Debug|Any CPU
		{D7F5DE3A-3E49-4EE9-9A3F-E6D0247375C6}.Debug|Any CPU.Build.0 = Debug|Any CPU
		{D7F5DE3A-3E49-4EE9-9A3F-E6D0247375C6}.Debug|x64.ActiveCfg = Debug|Any CPU
		{D7F5DE3A-3E49-4EE9-9A3F-E6D0247375C6}.Debug|x64.Build.0 = Debug|Any CPU
		{D7F5DE3A-3E49-4EE9-9A3F-E6D0247375C6}.Debug|x86.ActiveCfg = Debug|Any CPU
		{D7F5DE3A-3E49-4EE9-9A3F-E6D0247375C6}.Debug|x86.Build.0 = Debug|Any CPU
		{D7F5DE3A-3E49-4EE9-9A3F-E6D0247375C6}.Release|Any CPU.ActiveCfg = Release|Any CPU
		{D7F5DE3A-3E49-4EE9-9A3F-E6D0247375C6}.Release|Any CPU.Build.0 = Release|Any CPU
		{D7F5DE3A-3E49-4EE9-9A3F-E6D0247375C6}.Release|x64.ActiveCfg = Release|Any CPU
		{D7F5DE3A-3E49-4EE9-9A3F-E6D0247375C6}.Release|x64.Build.0 = Release|Any CPU
		{D7F5DE3A-3E49-4EE9-9A3F-E6D0247375C6}.Release|x86.ActiveCfg = Release|Any CPU
		{D7F5DE3A-3E49-4EE9-9A3F-E6D0247375C6}.Release|x86.Build.0 = Release|Any CPU
		{47E1EB53-98D8-49DC-B026-99E10110E406}.Debug|Any CPU.ActiveCfg = Debug|Any CPU
		{47E1EB53-98D8-49DC-B026-99E10110E406}.Debug|Any CPU.Build.0 = Debug|Any CPU
		{47E1EB53-98D8-49DC-B026-99E10110E406}.Debug|x64.ActiveCfg = Debug|Any CPU
		{47E1EB53-98D8-49DC-B026-99E10110E406}.Debug|x64.Build.0 = Debug|Any CPU
		{47E1EB53-98D8-49DC-B026-99E10110E406}.Debug|x86.ActiveCfg = Debug|Any CPU
		{47E1EB53-98D8-49DC-B026-99E10110E406}.Debug|x86.Build.0 = Debug|Any CPU
		{47E1EB53-98D8-49DC-B026-99E10110E406}.Release|Any CPU.ActiveCfg = Release|Any CPU
		{47E1EB53-98D8-49DC-B026-99E10110E406}.Release|Any CPU.Build.0 = Release|Any CPU
		{47E1EB53-98D8-49DC-B026-99E10110E406}.Release|x64.ActiveCfg = Release|Any CPU
		{47E1EB53-98D8-49DC-B026-99E10110E406}.Release|x64.Build.0 = Release|Any CPU
		{47E1EB53-98D8-49DC-B026-99E10110E406}.Release|x86.ActiveCfg = Release|Any CPU
		{47E1EB53-98D8-49DC-B026-99E10110E406}.Release|x86.Build.0 = Release|Any CPU
		{121EDDC1-DBBB-40D8-999B-E988FA3DA092}.Debug|Any CPU.ActiveCfg = Debug|Any CPU
		{121EDDC1-DBBB-40D8-999B-E988FA3DA092}.Debug|Any CPU.Build.0 = Debug|Any CPU
		{121EDDC1-DBBB-40D8-999B-E988FA3DA092}.Debug|x64.ActiveCfg = Debug|Any CPU
		{121EDDC1-DBBB-40D8-999B-E988FA3DA092}.Debug|x64.Build.0 = Debug|Any CPU
		{121EDDC1-DBBB-40D8-999B-E988FA3DA092}.Debug|x86.ActiveCfg = Debug|Any CPU
		{121EDDC1-DBBB-40D8-999B-E988FA3DA092}.Debug|x86.Build.0 = Debug|Any CPU
		{121EDDC1-DBBB-40D8-999B-E988FA3DA092}.Release|Any CPU.ActiveCfg = Release|Any CPU
		{121EDDC1-DBBB-40D8-999B-E988FA3DA092}.Release|Any CPU.Build.0 = Release|Any CPU
		{121EDDC1-DBBB-40D8-999B-E988FA3DA092}.Release|x64.ActiveCfg = Release|Any CPU
		{121EDDC1-DBBB-40D8-999B-E988FA3DA092}.Release|x64.Build.0 = Release|Any CPU
		{121EDDC1-DBBB-40D8-999B-E988FA3DA092}.Release|x86.ActiveCfg = Release|Any CPU
		{121EDDC1-DBBB-40D8-999B-E988FA3DA092}.Release|x86.Build.0 = Release|Any CPU
		{57F6DC0D-DA73-4BA2-9968-0E71FBDBEE5C}.Debug|Any CPU.ActiveCfg = Debug|Any CPU
		{57F6DC0D-DA73-4BA2-9968-0E71FBDBEE5C}.Debug|Any CPU.Build.0 = Debug|Any CPU
		{57F6DC0D-DA73-4BA2-9968-0E71FBDBEE5C}.Debug|x64.ActiveCfg = Debug|Any CPU
		{57F6DC0D-DA73-4BA2-9968-0E71FBDBEE5C}.Debug|x64.Build.0 = Debug|Any CPU
		{57F6DC0D-DA73-4BA2-9968-0E71FBDBEE5C}.Debug|x86.ActiveCfg = Debug|Any CPU
		{57F6DC0D-DA73-4BA2-9968-0E71FBDBEE5C}.Debug|x86.Build.0 = Debug|Any CPU
		{57F6DC0D-DA73-4BA2-9968-0E71FBDBEE5C}.Release|Any CPU.ActiveCfg = Release|Any CPU
		{57F6DC0D-DA73-4BA2-9968-0E71FBDBEE5C}.Release|Any CPU.Build.0 = Release|Any CPU
		{57F6DC0D-DA73-4BA2-9968-0E71FBDBEE5C}.Release|x64.ActiveCfg = Release|Any CPU
		{57F6DC0D-DA73-4BA2-9968-0E71FBDBEE5C}.Release|x64.Build.0 = Release|Any CPU
		{57F6DC0D-DA73-4BA2-9968-0E71FBDBEE5C}.Release|x86.ActiveCfg = Release|Any CPU
		{57F6DC0D-DA73-4BA2-9968-0E71FBDBEE5C}.Release|x86.Build.0 = Release|Any CPU
		{79157E99-08D1-445E-B2AA-C3AD1CCAE2A7}.Debug|Any CPU.ActiveCfg = Debug|Any CPU
		{79157E99-08D1-445E-B2AA-C3AD1CCAE2A7}.Debug|Any CPU.Build.0 = Debug|Any CPU
		{79157E99-08D1-445E-B2AA-C3AD1CCAE2A7}.Debug|x64.ActiveCfg = Debug|Any CPU
		{79157E99-08D1-445E-B2AA-C3AD1CCAE2A7}.Debug|x64.Build.0 = Debug|Any CPU
		{79157E99-08D1-445E-B2AA-C3AD1CCAE2A7}.Debug|x86.ActiveCfg = Debug|Any CPU
		{79157E99-08D1-445E-B2AA-C3AD1CCAE2A7}.Debug|x86.Build.0 = Debug|Any CPU
		{79157E99-08D1-445E-B2AA-C3AD1CCAE2A7}.Release|Any CPU.ActiveCfg = Release|Any CPU
		{79157E99-08D1-445E-B2AA-C3AD1CCAE2A7}.Release|Any CPU.Build.0 = Release|Any CPU
		{79157E99-08D1-445E-B2AA-C3AD1CCAE2A7}.Release|x64.ActiveCfg = Release|Any CPU
		{79157E99-08D1-445E-B2AA-C3AD1CCAE2A7}.Release|x64.Build.0 = Release|Any CPU
		{79157E99-08D1-445E-B2AA-C3AD1CCAE2A7}.Release|x86.ActiveCfg = Release|Any CPU
		{79157E99-08D1-445E-B2AA-C3AD1CCAE2A7}.Release|x86.Build.0 = Release|Any CPU
	EndGlobalSection
	GlobalSection(SolutionProperties) = preSolution
		HideSolutionNode = FALSE
	EndGlobalSection
	GlobalSection(NestedProjects) = preSolution
		{7D196F83-2661-2026-0376-8955439ACC1F} = {C77944B0-0D3A-86CF-E301-0389399A2286}
		{32627D81-CF67-44B9-B659-342EA79966A8} = {7D196F83-2661-2026-0376-8955439ACC1F}
		{5C3EB1F2-72C7-87C2-61E6-FC27803A142B} = {C77944B0-0D3A-86CF-E301-0389399A2286}
		{7454DAD6-57D7-4B89-AF9F-7365EE3A28FC} = {5C3EB1F2-72C7-87C2-61E6-FC27803A142B}
		{AB0F27BE-5EAB-D20B-F38F-08760D071155} = {C77944B0-0D3A-86CF-E301-0389399A2286}
		{566AFF6A-3348-495E-AE06-87934A643C54} = {AB0F27BE-5EAB-D20B-F38F-08760D071155}
		{B6C1FC06-F651-4B35-8B2E-1F20889ADB99} = {7D196F83-2661-2026-0376-8955439ACC1F}
		{97B30EC7-FE9B-4A95-ACA0-6CE44FB020EE} = {7D196F83-2661-2026-0376-8955439ACC1F}
		{FB7457A9-68C4-4837-B207-C9F80A8CA97B} = {7D196F83-2661-2026-0376-8955439ACC1F}
		{AD75B11A-7533-40B2-86DB-DEDD491655B5} = {7D196F83-2661-2026-0376-8955439ACC1F}
		{47B743BA-406F-4253-9B77-75842E1ABC32} = {5C3EB1F2-72C7-87C2-61E6-FC27803A142B}
		{77399A4C-18D3-4D0D-AC2B-30BAB7FCCE47} = {5C3EB1F2-72C7-87C2-61E6-FC27803A142B}
		{8C910B2B-2F75-4973-8F6D-39A00E62E342} = {5C3EB1F2-72C7-87C2-61E6-FC27803A142B}
		{E2CE7D75-D47B-4F73-859C-FA096FB24874} = {AB0F27BE-5EAB-D20B-F38F-08760D071155}
		{20B03FD1-521F-4893-B5E7-9C8E44DDDF73} = {AB0F27BE-5EAB-D20B-F38F-08760D071155}
		{FBB9A5CB-60A3-4C01-8400-A7D4A5FDF1DB} = {AB0F27BE-5EAB-D20B-F38F-08760D071155}
		{38682539-568A-3719-8909-5B3324805543} = {5C3EB1F2-72C7-87C2-61E6-FC27803A142B}
		{33B82821-FF18-4B25-A359-620E3825B6F0} = {5C3EB1F2-72C7-87C2-61E6-FC27803A142B}
		{520B3BF2-8ACA-401F-9DBB-D3C002C66DB6} = {7D196F83-2661-2026-0376-8955439ACC1F}
		{F167B4A7-20A9-4B12-85D0-1FC09F984D67} = {AB0F27BE-5EAB-D20B-F38F-08760D071155}
		{81F08E08-4D19-B8F3-ED88-DF1849F60E13} = {02EA681E-C7D8-13C7-8484-4AC65E1B71E8}
		{C58D4ED3-BA80-41BF-9BE4-7A16B1449710} = {02EA681E-C7D8-13C7-8484-4AC65E1B71E8}
		{00BB86B3-D096-489F-962C-8B41711EE054} = {AB0F27BE-5EAB-D20B-F38F-08760D071155}
		{DB7E9D7C-D4FF-48F9-96EE-53344FE2E04B} = {C77944B0-0D3A-86CF-E301-0389399A2286}
		{805FDE96-7045-22B9-E11D-A78575AD706B} = {DB7E9D7C-D4FF-48F9-96EE-53344FE2E04B}
		{6E7F8A04-3677-42F3-9688-B014619623C4} = {DB7E9D7C-D4FF-48F9-96EE-53344FE2E04B}
		{06947FFC-23C1-427E-AC0A-5F45436E9421} = {DB7E9D7C-D4FF-48F9-96EE-53344FE2E04B}
		{B6670DF3-1E0E-4B0A-822E-796326EFA124} = {DB7E9D7C-D4FF-48F9-96EE-53344FE2E04B}
		{9CF928D4-457C-4723-B647-709DF39F86C3} = {C77944B0-0D3A-86CF-E301-0389399A2286}
		{B510B834-2C93-B650-5B7C-ACC6E9DCBA2E} = {9CF928D4-457C-4723-B647-709DF39F86C3}
		{E75DE544-F3B7-43F6-9659-DF78FB6CF12B} = {9CF928D4-457C-4723-B647-709DF39F86C3}
		{DAAA2492-F056-4EF7-90DF-297123DEDF50} = {9CF928D4-457C-4723-B647-709DF39F86C3}
		{093582DC-B111-4E22-9A82-AD72781BDA48} = {9CF928D4-457C-4723-B647-709DF39F86C3}
		{0D6F17C2-3364-40F1-9604-8B4A9622A9BA} = {9CF928D4-457C-4723-B647-709DF39F86C3}
		{2578A251-2EA8-4E6B-92C5-E680974D24E8} = {C77944B0-0D3A-86CF-E301-0389399A2286}
		{9C84E2C0-2341-278D-FF49-56010E1C12A0} = {2578A251-2EA8-4E6B-92C5-E680974D24E8}
		{3976F328-36F5-4F3C-8112-61A19D1255D3} = {2578A251-2EA8-4E6B-92C5-E680974D24E8}
		{EE161405-1234-43E0-AECC-6DE787112C75} = {5C3EB1F2-72C7-87C2-61E6-FC27803A142B}
		{85F3335C-2434-4F37-B423-4CCFF36409D8} = {C77944B0-0D3A-86CF-E301-0389399A2286}
		{A1DC74B8-F634-2B95-E1FD-25C94050A0AF} = {85F3335C-2434-4F37-B423-4CCFF36409D8}
		{F2876FE3-8296-45D9-9AB7-B55995E83A81} = {C77944B0-0D3A-86CF-E301-0389399A2286}
		{5E667C18-9E0D-5982-8ED8-6F9F5D911883} = {F2876FE3-8296-45D9-9AB7-B55995E83A81}
		{0E9D6269-26FC-4FB4-92CF-0A4EE797314B} = {F2876FE3-8296-45D9-9AB7-B55995E83A81}
		{041E4A6E-25E0-4E06-A78D-13913DE440A3} = {C77944B0-0D3A-86CF-E301-0389399A2286}
		{75BF675C-D456-2EC7-5F19-FE350130AEA1} = {041E4A6E-25E0-4E06-A78D-13913DE440A3}
		{D7F5DE3A-3E49-4EE9-9A3F-E6D0247375C6} = {041E4A6E-25E0-4E06-A78D-13913DE440A3}
		{47E1EB53-98D8-49DC-B026-99E10110E406} = {041E4A6E-25E0-4E06-A78D-13913DE440A3}
		{121EDDC1-DBBB-40D8-999B-E988FA3DA092} = {041E4A6E-25E0-4E06-A78D-13913DE440A3}
		{57F6DC0D-DA73-4BA2-9968-0E71FBDBEE5C} = {041E4A6E-25E0-4E06-A78D-13913DE440A3}
		{79157E99-08D1-445E-B2AA-C3AD1CCAE2A7} = {9CF928D4-457C-4723-B647-709DF39F86C3}
	EndGlobalSection
	GlobalSection(ExtensibilityGlobals) = postSolution
		SolutionGuid = {F15FA95A-2976-493B-AA4A-033ECCBFD759}
	EndGlobalSection
EndGlobal
